PODS:
  - AdColony (4.6.1)
  - AppLovinSDK (10.3.0)
  - CleverAdsSolutions-Promo (2.3.0):
    - CleverAdsSolutions-SDK/Base (= 2.3.0)
  - CleverAdsSolutions-SDK (2.3.0):
    - CleverAdsSolutions-SDK/Main (= 2.3.0)
  - CleverAdsSolutions-SDK/AdColony (2.3.0):
    - AdColony (~> 4.6.0)
    - CleverAdsSolutions-SDK/Base (= 2.3.0)
  - CleverAdsSolutions-SDK/AppLovin (2.3.0):
    - AppLovinSDK (~> 10.3.0)
    - CleverAdsSolutions-SDK/Base (= 2.3.0)
  - CleverAdsSolutions-SDK/Base (2.3.0)
  - CleverAdsSolutions-SDK/FairBid (2.3.0):
    - CleverAdsSolutions-SDK/Base (= 2.3.0)
    - FairBidSDK (~> 3.15.0)
  - CleverAdsSolutions-SDK/FBAudienceNetwork (2.3.0):
    - CleverAdsSolutions-SDK/Base (= 2.3.0)
    - FBAudienceNetwork (~> 6.5.0)
  - CleverAdsSolutions-SDK/GoogleAds (2.3.0):
    - CleverAdsSolutions-SDK/Base (= 2.3.0)
    - Google-Mobile-Ads-SDK (~> 8.6)
  - CleverAdsSolutions-SDK/InMobi (2.3.0):
    - CleverAdsSolutions-SDK/Base (= 2.3.0)
    - InMobiSDK/Core (~> 9.1.7)
  - CleverAdsSolutions-SDK/IronSource (2.3.0):
    - CleverAdsSolutions-SDK/Base (= 2.3.0)
    - IronSourceSDK (~> 7.1.5)
  - CleverAdsSolutions-SDK/Kidoz (2.3.0):
    - CleverAdsSolutions-SDK/Base (= 2.3.0)
  - CleverAdsSolutions-SDK/Main (2.3.0):
    - CleverAdsSolutions-SDK/AdColony (= 2.3.0)
    - CleverAdsSolutions-SDK/AppLovin (= 2.3.0)
    - CleverAdsSolutions-SDK/FairBid (= 2.3.0)
    - CleverAdsSolutions-SDK/FBAudienceNetwork (= 2.3.0)
    - CleverAdsSolutions-SDK/GoogleAds (= 2.3.0)
    - CleverAdsSolutions-SDK/InMobi (= 2.3.0)
    - CleverAdsSolutions-SDK/IronSource (= 2.3.0)
    - CleverAdsSolutions-SDK/Kidoz (= 2.3.0)
    - CleverAdsSolutions-SDK/Mintegral (= 2.3.0)
    - CleverAdsSolutions-SDK/StartApp (= 2.3.0)
    - CleverAdsSolutions-SDK/SuperAwesome (= 2.3.0)
    - CleverAdsSolutions-SDK/UnityAds (= 2.3.0)
    - CleverAdsSolutions-SDK/Vungle (= 2.3.0)
  - CleverAdsSolutions-SDK/Mintegral (2.3.0):
    - CleverAdsSolutions-SDK/Base (= 2.3.0)
    - MintegralAdSDK/BidBannerAd (~> 6.9.3)
    - MintegralAdSDK/BidInterstitialVideoAd (~> 6.9.3)
    - MintegralAdSDK/BidRewardVideoAd (~> 6.9.3)
  - CleverAdsSolutions-SDK/StartApp (2.3.0):
    - CleverAdsSolutions-SDK/Base (= 2.3.0)
    - StartAppSDK (~> 4.6.0)
  - CleverAdsSolutions-SDK/SuperAwesome (2.3.0):
    - CleverAdsSolutions-SDK/Base (= 2.3.0)
    - SuperAwesome (~> 8.1.0)
  - CleverAdsSolutions-SDK/UnityAds (2.3.0):
    - CleverAdsSolutions-SDK/Base (= 2.3.0)
    - UnityAds (~> 3.7.2)
  - CleverAdsSolutions-SDK/Vungle (2.3.0):
    - CleverAdsSolutions-SDK/Base (= 2.3.0)
    - VungleSDK-iOS (~> 6.9)
  - FairBidSDK (3.15.0)
  - FBAudienceNetwork (6.5.0):
    - FBSDKCoreKit/Basics (>= 7.0.1)
  - FBSDKCoreKit/Basics (9.3.0)
  - Google-Mobile-Ads-SDK (8.6.0):
    - GoogleAppMeasurement (< 9.0, >= 7.0)
    - GoogleUserMessagingPlatform (>= 1.1)
  - GoogleAppMeasurement (8.1.1):
    - GoogleAppMeasurement/AdIdSupport (= 8.1.1)
    - GoogleUtilities/AppDelegateSwizzler (~> 7.4)
    - GoogleUtilities/MethodSwizzler (~> 7.4)
    - GoogleUtilities/Network (~> 7.4)
    - "GoogleUtilities/NSData+zlib (~> 7.4)"
    - nanopb (~> 2.30908.0)
  - GoogleAppMeasurement/AdIdSupport (8.1.1):
    - GoogleUtilities/AppDelegateSwizzler (~> 7.4)
    - GoogleUtilities/MethodSwizzler (~> 7.4)
    - GoogleUtilities/Network (~> 7.4)
    - "GoogleUtilities/NSData+zlib (~> 7.4)"
    - nanopb (~> 2.30908.0)
  - GoogleUserMessagingPlatform (2.0.0)
  - GoogleUtilities/AppDelegateSwizzler (7.4.1):
    - GoogleUtilities/Environment
    - GoogleUtilities/Logger
    - GoogleUtilities/Network
  - GoogleUtilities/Environment (7.4.1):
    - PromisesObjC (~> 1.2)
  - GoogleUtilities/Logger (7.4.1):
    - GoogleUtilities/Environment
  - GoogleUtilities/MethodSwizzler (7.4.1):
    - GoogleUtilities/Logger
  - GoogleUtilities/Network (7.4.1):
    - GoogleUtilities/Logger
    - "GoogleUtilities/NSData+zlib"
    - GoogleUtilities/Reachability
  - "GoogleUtilities/NSData+zlib (7.4.1)"
  - GoogleUtilities/Reachability (7.4.1):
    - GoogleUtilities/Logger
  - InMobiSDK/Core (9.1.7)
  - IronSourceSDK (7.1.6.1)
  - MintegralAdSDK/BidBannerAd (6.9.3.0):
    - MintegralAdSDK/BidNativeAd
  - MintegralAdSDK/BidInterstitialVideoAd (6.9.3.0):
    - MintegralAdSDK/BidNativeAd
  - MintegralAdSDK/BidNativeAd (6.9.3.0)
  - MintegralAdSDK/BidRewardVideoAd (6.9.3.0):
    - MintegralAdSDK/BidNativeAd
  - nanopb (2.30908.0):
    - nanopb/decode (= 2.30908.0)
    - nanopb/encode (= 2.30908.0)
  - nanopb/decode (2.30908.0)
  - nanopb/encode (2.30908.0)
  - PromisesObjC (1.2.12)
  - StartAppSDK (4.6.4)
  - SuperAwesome (8.1.0):
    - SuperAwesome/Full (= 8.1.0)
  - SuperAwesome/Base (8.1.0)
  - SuperAwesome/Full (8.1.0):
    - SuperAwesome/Base
    - SuperAwesome/Moat
  - SuperAwesome/Moat (8.1.0):
    - SuperAwesome/Base
    - SwiftyXMLParser (= 4.3.0)
  - SwiftyXMLParser (4.3.0)
  - UnityAds (3.7.2)
  - VungleSDK-iOS (6.9.2)

DEPENDENCIES:
  - CleverAdsSolutions-Promo (~> 2.3.0)
  - CleverAdsSolutions-SDK (~> 2.3.0)

SPEC REPOS:
  https://github.com/cleveradssolutions/CAS-Specs.git:
    - CleverAdsSolutions-Promo
    - CleverAdsSolutions-SDK
  https://github.com/CocoaPods/Specs.git:
    - AdColony
    - AppLovinSDK
    - FairBidSDK
    - FBAudienceNetwork
    - FBSDKCoreKit
    - Google-Mobile-Ads-SDK
    - GoogleAppMeasurement
    - GoogleUserMessagingPlatform
    - GoogleUtilities
    - InMobiSDK
    - IronSourceSDK
    - MintegralAdSDK
    - nanopb
    - PromisesObjC
    - StartAppSDK
    - SuperAwesome
    - SwiftyXMLParser
    - UnityAds
    - VungleSDK-iOS

SPEC CHECKSUMS:
  AdColony: 957c975fa756fcdb10a91e8a7d6de4cf5bfc4f78
  AppLovinSDK: 1f33698981d365c478beb314283837dfe2144adb
  CleverAdsSolutions-Promo: b0f716e1b741d43dce0780c16806c7dd3594662f
  CleverAdsSolutions-SDK: 05d00ea6598ab8bf396ac2d091b211a1b62c7dd9
  FairBidSDK: b991b5575f463cbc55d9f909decfc5f8309ed325
  FBAudienceNetwork: cfe55330dcc4e9a1df083c34a346ca7f8e32951e
  FBSDKCoreKit: 0d1ae58388a458b8222f72025804cdc84eb5d0c3
  Google-Mobile-Ads-SDK: 0d6e2e065c4efe9836bca3fbd6ff9ef0bca073c2
  GoogleAppMeasurement: 31c7d7655818784b7dd34bdf6884f75b465d5f6c
  GoogleUserMessagingPlatform: ab890ce5f6620f293a21b6bdd82e416a2c73aeca
  GoogleUtilities: f8a43108b38a68eebe8b3540e1f4f2d28843ce20
  InMobiSDK: 4b46bffcc222a894f1550a0d11e2895f4f9c906b
  IronSourceSDK: bd82f7c69f17effbdec0a09e9426304427490da0
  MintegralAdSDK: 46767471a7c59764303973ee72dea2139626bf17
  nanopb: a0ba3315591a9ae0a16a309ee504766e90db0c96
  PromisesObjC: 3113f7f76903778cf4a0586bd1ab89329a0b7b97
  StartAppSDK: cb5a43363fc10ee4977b42f77d81b995d73262f0
  SuperAwesome: 14830a0f77c3445e688e5b9552b8474231b2465b
  SwiftyXMLParser: b2e0b0dd0e0fb1ac39869dd4a0c6181847af2945
  UnityAds: cca7e2191591e0bb5d45231f012a2c8722c3e686
  VungleSDK-iOS: f9dbcb5dde6036d424c29fbdd43159b1be19bdbd

PODFILE CHECKSUM: 2189f11094a0cd4de4796ee12a59121defcc5df1

COCOAPODS: 1.10.1
