PODS:
  - CleverAdsSolutions-Base (2.8.2)

DEPENDENCIES:
  - CleverAdsSolutions-Base (~> 2.8.2)

SPEC REPOS:
  https://github.com/cleveradssolutions/CAS-Specs.git:
    - CleverAdsSolutions-Base

SPEC CHECKSUMS:
  CleverAdsSolutions-Base: 39ddc8063c701a4ed302f0800c01a9de9a663a44

PODFILE CHECKSUM: 1b096b60bdfa505c1ea9272b138f7d43950e30ea

COCOAPODS: 1.11.3
