PODS:
  - CleverAdsSolutions-Base (2.8.6)

DEPENDENCIES:
  - CleverAdsSolutions-Base (~> 2.8.6)

SPEC REPOS:
  https://github.com/cleveradssolutions/CAS-Specs.git:
    - CleverAdsSolutions-Base

SPEC CHECKSUMS:
  CleverAdsSolutions-Base: e83333262e05b71325594e51b42c7dd5e8ef1db0

PODFILE CHECKSUM: 3107872f2a739c417252ee14913673139793225c

COCOAPODS: 1.11.3
