PODS:
  - AdColony (4.5.0)
  - AppLovinSDK (6.15.2)
  - CleverAdsSolutions-Promo (2.0.1):
    - CleverAdsSolutions-SDK/Base (= 2.0.1)
  - CleverAdsSolutions-SDK (2.0.1):
    - CleverAdsSolutions-SDK/Main (= 2.0.1)
  - CleverAdsSolutions-SDK/AdColony (2.0.1):
    - AdColony (~> 4.5.0)
    - CleverAdsSolutions-SDK/Base (= 2.0.1)
  - CleverAdsSolutions-SDK/AppLovin (2.0.1):
    - AppLovinSDK (~> 6.15.2)
    - CleverAdsSolutions-SDK/Base (= 2.0.1)
  - CleverAdsSolutions-SDK/Base (2.0.1)
  - CleverAdsSolutions-SDK/FBAudienceNetwork (2.0.1):
    - CleverAdsSolutions-SDK/Base (= 2.0.1)
    - FBAudienceNetwork (~> 6.3.0)
  - CleverAdsSolutions-SDK/GoogleAds (2.0.1):
    - CleverAdsSolutions-SDK/Base (= 2.0.1)
    - Google-Mobile-Ads-SDK (= 8.1.0)
  - CleverAdsSolutions-SDK/InMobi (2.0.1):
    - CleverAdsSolutions-SDK/Base (= 2.0.1)
    - InMobiSDK/Core (~> 9.1.5)
  - CleverAdsSolutions-SDK/IronSource (2.0.1):
    - CleverAdsSolutions-SDK/Base (= 2.0.1)
    - IronSourceSDK (= 7.1.1.0)
  - CleverAdsSolutions-SDK/Kidoz (2.0.1):
    - CleverAdsSolutions-SDK/Base (= 2.0.1)
  - CleverAdsSolutions-SDK/Main (2.0.1):
    - CleverAdsSolutions-SDK/AdColony (= 2.0.1)
    - CleverAdsSolutions-SDK/AppLovin (= 2.0.1)
    - CleverAdsSolutions-SDK/FBAudienceNetwork (= 2.0.1)
    - CleverAdsSolutions-SDK/GoogleAds (= 2.0.1)
    - CleverAdsSolutions-SDK/InMobi (= 2.0.1)
    - CleverAdsSolutions-SDK/IronSource (= 2.0.1)
    - CleverAdsSolutions-SDK/Kidoz (= 2.0.1)
    - CleverAdsSolutions-SDK/MoPub (= 2.0.1)
    - CleverAdsSolutions-SDK/StartApp (= 2.0.1)
    - CleverAdsSolutions-SDK/SuperAwesome (= 2.0.1)
    - CleverAdsSolutions-SDK/UnityAds (= 2.0.1)
    - CleverAdsSolutions-SDK/Vungle (= 2.0.1)
    - CleverAdsSolutions-SDK/YandexAdsProxy (= 2.0.1)
  - CleverAdsSolutions-SDK/MoPub (2.0.1):
    - CleverAdsSolutions-SDK/Base (= 2.0.1)
    - mopub-ios-sdk/Core (~> 5.16.1)
  - CleverAdsSolutions-SDK/StartApp (2.0.1):
    - CleverAdsSolutions-SDK/Base (= 2.0.1)
    - StartAppSDK (~> 4.6.1)
  - CleverAdsSolutions-SDK/SuperAwesome (2.0.1):
    - CleverAdsSolutions-SDK/Base (= 2.0.1)
    - SuperAwesome (~> 7.2.19)
  - CleverAdsSolutions-SDK/UnityAds (2.0.1):
    - CleverAdsSolutions-SDK/Base (= 2.0.1)
    - UnityAds (~> 3.6.0)
  - CleverAdsSolutions-SDK/Vungle (2.0.1):
    - CleverAdsSolutions-SDK/Base (= 2.0.1)
    - VungleSDK-iOS (~> 6.9.1)
  - CleverAdsSolutions-SDK/YandexAdsProxy (2.0.1):
    - CleverAdsSolutions-SDK/Base (= 2.0.1)
    - YandexMobileAdsProxy (>= 3.4.0)
  - FBAudienceNetwork (6.3.0):
    - FBSDKCoreKit/Basics (>= 7.0.1)
  - FBSDKCoreKit/Basics (9.1.0)
  - Google-Mobile-Ads-SDK (8.1.0):
    - GoogleAppMeasurement (~> 7.0)
    - GoogleUserMessagingPlatform (~> 1.1)
  - GoogleAppMeasurement (7.8.1):
    - GoogleUtilities/AppDelegateSwizzler (~> 7.0)
    - GoogleUtilities/MethodSwizzler (~> 7.0)
    - GoogleUtilities/Network (~> 7.0)
    - "GoogleUtilities/NSData+zlib (~> 7.0)"
    - nanopb (~> 2.30907.0)
  - GoogleUserMessagingPlatform (1.4.0)
  - GoogleUtilities/AppDelegateSwizzler (7.3.0):
    - GoogleUtilities/Environment
    - GoogleUtilities/Logger
    - GoogleUtilities/Network
  - GoogleUtilities/Environment (7.3.0):
    - PromisesObjC (~> 1.2)
  - GoogleUtilities/Logger (7.3.0):
    - GoogleUtilities/Environment
  - GoogleUtilities/MethodSwizzler (7.3.0):
    - GoogleUtilities/Logger
  - GoogleUtilities/Network (7.3.0):
    - GoogleUtilities/Logger
    - "GoogleUtilities/NSData+zlib"
    - GoogleUtilities/Reachability
  - "GoogleUtilities/NSData+zlib (7.3.0)"
  - GoogleUtilities/Reachability (7.3.0):
    - GoogleUtilities/Logger
  - InMobiSDK/Core (9.1.5)
  - IronSourceSDK (7.1.1.0)
  - mopub-ios-sdk/Core (5.16.1)
  - nanopb (2.30907.0):
    - nanopb/decode (= 2.30907.0)
    - nanopb/encode (= 2.30907.0)
  - nanopb/decode (2.30907.0)
  - nanopb/encode (2.30907.0)
  - PromisesObjC (1.2.12)
  - StartAppSDK (4.6.1)
  - SuperAwesome (7.2.19):
    - SuperAwesome/Full (= 7.2.19)
  - SuperAwesome/Base (7.2.19)
  - SuperAwesome/Full (7.2.19):
    - SuperAwesome/Base
    - SuperAwesome/Moat
  - SuperAwesome/Moat (7.2.19):
    - SuperAwesome/Base
  - UnityAds (3.6.0)
  - VungleSDK-iOS (6.9.1)
  - YandexMobileAdsProxy (3.4.0)

DEPENDENCIES:
  - CleverAdsSolutions-Promo (~> 2.0.1)
  - CleverAdsSolutions-SDK (~> 2.0.1)

SPEC REPOS:
  https://github.com/cleveradssolutions/CAS-Specs.git:
    - CleverAdsSolutions-Promo
    - CleverAdsSolutions-SDK
    - YandexMobileAdsProxy
  https://github.com/CocoaPods/Specs.git:
    - AdColony
    - AppLovinSDK
    - FBAudienceNetwork
    - FBSDKCoreKit
    - Google-Mobile-Ads-SDK
    - GoogleAppMeasurement
    - GoogleUserMessagingPlatform
    - GoogleUtilities
    - InMobiSDK
    - IronSourceSDK
    - mopub-ios-sdk
    - nanopb
    - PromisesObjC
    - StartAppSDK
    - SuperAwesome
    - UnityAds
    - VungleSDK-iOS

SPEC CHECKSUMS:
  AdColony: e54ee1d060491410135a5a1c9b010bcb4a171dab
  AppLovinSDK: fc91aca5b6b529cae7181a43f63633363dddbe3b
  CleverAdsSolutions-Promo: f3675d9c093afb9ad03f63abd195e53bcbe2e31d
  CleverAdsSolutions-SDK: df1b6270b72b071e79dff59635355ea73e1fc506
  FBAudienceNetwork: 58b4d0f2359783e5bc9ee59f138b4fda43173ac4
  FBSDKCoreKit: a00fe2efd780c195a5e09201bf51c56106245b40
  Google-Mobile-Ads-SDK: efb7fb74595668fbbe680f0d1c06f9a8ff694c7c
  GoogleAppMeasurement: 50a254ee92c1b94fbe2abea7e3da35e4c6dedce0
  GoogleUserMessagingPlatform: b168e8c46cd8f92aa3e34b584c4ca78a411ce367
  GoogleUtilities: abda45f519bc4073aa1171d2f8742108def46017
  InMobiSDK: 4f30f1c2dc10e15ce897166b063c5f0c85829cff
  IronSourceSDK: 6eb315501b51ba7651522c893a1bae260cfef988
  mopub-ios-sdk: d207b434e6aef9c2f57423512e5eda1edf82930f
  nanopb: 59221d7f958fb711001e6a449489542d92ae113e
  PromisesObjC: 3113f7f76903778cf4a0586bd1ab89329a0b7b97
  StartAppSDK: 79ea4ba14963b23691995e11ef10bc911de4ee3e
  SuperAwesome: feccc30331422c0ccc9b303b577d1e03014be492
  UnityAds: 3f88cf3d3b11991de1025fcf0e3109fd86035fba
  VungleSDK-iOS: 09abfadbcc04e0748ce33c6bd02282e9961125ba
  YandexMobileAdsProxy: 633896faefe67db30e56451705ad01be85e75806

PODFILE CHECKSUM: ae685d99e69115e5c829ea25aafc29aca42f73cf

COCOAPODS: 1.10.1
