// !$*UTF8*$!
{
	archiveVersion = 1;
	classes = {
	};
	objectVersion = 56;
	objects = {

/* Begin PBXBuildFile section */
		838E15ECA1B2036AB14F5321 /* libPods-CASSwiftUIDemoApp.a in Frameworks */ = {isa = PBXBuildFile; fileRef = 1030C678492C1A3EE3650C94 /* libPods-CASSwiftUIDemoApp.a */; };
		9D857FBB2A9DD89E00A0C1DF /* DemoApp.swift in Sources */ = {isa = PBXBuildFile; fileRef = 9D857FBA2A9DD89E00A0C1DF /* DemoApp.swift */; };
		9D857FBF2A9DD89F00A0C1DF /* Assets.xcassets in Resources */ = {isa = PBXBuildFile; fileRef = 9D857FBE2A9DD89F00A0C1DF /* Assets.xcassets */; };
		9D857FC22A9DD89F00A0C1DF /* Preview Assets.xcassets in Resources */ = {isa = PBXBuildFile; fileRef = 9D857FC12A9DD89F00A0C1DF /* Preview Assets.xcassets */; };
		9DC0799E2A9F34EA007FA0D9 /* Launch Screen.storyboard in Resources */ = {isa = PBXBuildFile; fileRef = 9DC0799D2A9F34EA007FA0D9 /* Launch Screen.storyboard */; };
		A03C076E2DCCEAD7007F3D0D /* NativeAdView.xib in Resources */ = {isa = PBXBuildFile; fileRef = A03C076D2DCCEAD7007F3D0D /* NativeAdView.xib */; };
		A03C07732DCD0073007F3D0D /* AdaptiveBannerContainerView.swift in Sources */ = {isa = PBXBuildFile; fileRef = A03C07722DCD006D007F3D0D /* AdaptiveBannerContainerView.swift */; };
		A03C07772DCD0154007F3D0D /* MediumRectangleContainerView.swift in Sources */ = {isa = PBXBuildFile; fileRef = A03C07762DCD014E007F3D0D /* MediumRectangleContainerView.swift */; };
		A03C07792DCD0173007F3D0D /* BannerAdView.swift in Sources */ = {isa = PBXBuildFile; fileRef = A03C07782DCD0172007F3D0D /* BannerAdView.swift */; };
		A0AFCF692DACFB0B0043E6A4 /* HomeView.swift in Sources */ = {isa = PBXBuildFile; fileRef = A0AFCF682DACFB080043E6A4 /* HomeView.swift */; };
		A0AFCF6E2DACFB300043E6A4 /* AdContainer.swift in Sources */ = {isa = PBXBuildFile; fileRef = A0AFCF6D2DACFB2F0043E6A4 /* AdContainer.swift */; };
		A0AFCF702DACFD3A0043E6A4 /* BannerContainerView.swift in Sources */ = {isa = PBXBuildFile; fileRef = A0AFCF6F2DACFD390043E6A4 /* BannerContainerView.swift */; };
		A0AFCF742DACFD660043E6A4 /* NativeAdContainerView.swift in Sources */ = {isa = PBXBuildFile; fileRef = A0AFCF732DACFD5F0043E6A4 /* NativeAdContainerView.swift */; };
		A0AFCF782DACFD750043E6A4 /* AppOpenView.swift in Sources */ = {isa = PBXBuildFile; fileRef = A0AFCF772DACFD700043E6A4 /* AppOpenView.swift */; };
		A0AFCF7A2DACFD7C0043E6A4 /* AppOpenAdModel.swift in Sources */ = {isa = PBXBuildFile; fileRef = A0AFCF792DACFD780043E6A4 /* AppOpenAdModel.swift */; };
		A0AFCF7C2DACFD820043E6A4 /* RewardedView.swift in Sources */ = {isa = PBXBuildFile; fileRef = A0AFCF7B2DACFD7F0043E6A4 /* RewardedView.swift */; };
		A0AFCF7E2DACFD890043E6A4 /* RewardedAdModel.swift in Sources */ = {isa = PBXBuildFile; fileRef = A0AFCF7D2DACFD850043E6A4 /* RewardedAdModel.swift */; };
		A0AFCF802DACFD910043E6A4 /* InterstitialAdModel.swift in Sources */ = {isa = PBXBuildFile; fileRef = A0AFCF7F2DACFD8D0043E6A4 /* InterstitialAdModel.swift */; };
		A0AFCF822DACFDA00043E6A4 /* InterstitialView.swift in Sources */ = {isa = PBXBuildFile; fileRef = A0AFCF812DACFD940043E6A4 /* InterstitialView.swift */; };
		A0B699DC2DBFBE8F009DE7C0 /* NativeAdTemplateContainerView.swift in Sources */ = {isa = PBXBuildFile; fileRef = A0B699DB2DBFBE85009DE7C0 /* NativeAdTemplateContainerView.swift */; };
		A0B699E62DBFC12A009DE7C0 /* NativeAdTemplateView.swift in Sources */ = {isa = PBXBuildFile; fileRef = A0B699E52DBFC129009DE7C0 /* NativeAdTemplateView.swift */; };
		A0B699E82DBFC97C009DE7C0 /* NativeAdView.swift in Sources */ = {isa = PBXBuildFile; fileRef = A0B699E72DBFC976009DE7C0 /* NativeAdView.swift */; };
		A0DB830D2DAFD91300A7BEEE /* AdButton.swift in Sources */ = {isa = PBXBuildFile; fileRef = A0DB830C2DAFD90D00A7BEEE /* AdButton.swift */; };
/* End PBXBuildFile section */

/* Begin PBXFileReference section */
		07EDBB7371814E5244B8B449 /* Pods-CASSwiftUIDemoApp.release.xcconfig */ = {isa = PBXFileReference; includeInIndex = 1; lastKnownFileType = text.xcconfig; name = "Pods-CASSwiftUIDemoApp.release.xcconfig"; path = "Target Support Files/Pods-CASSwiftUIDemoApp/Pods-CASSwiftUIDemoApp.release.xcconfig"; sourceTree = "<group>"; };
		1030C678492C1A3EE3650C94 /* libPods-CASSwiftUIDemoApp.a */ = {isa = PBXFileReference; explicitFileType = archive.ar; includeInIndex = 0; path = "libPods-CASSwiftUIDemoApp.a"; sourceTree = BUILT_PRODUCTS_DIR; };
		50073DC2603EBCE91B1639F8 /* Pods-CASSwiftUIDemoApp.debug.xcconfig */ = {isa = PBXFileReference; includeInIndex = 1; lastKnownFileType = text.xcconfig; name = "Pods-CASSwiftUIDemoApp.debug.xcconfig"; path = "Target Support Files/Pods-CASSwiftUIDemoApp/Pods-CASSwiftUIDemoApp.debug.xcconfig"; sourceTree = "<group>"; };
		9D857FB72A9DD89E00A0C1DF /* CASSwiftUIDemoApp.app */ = {isa = PBXFileReference; explicitFileType = wrapper.application; includeInIndex = 0; path = CASSwiftUIDemoApp.app; sourceTree = BUILT_PRODUCTS_DIR; };
		9D857FBA2A9DD89E00A0C1DF /* DemoApp.swift */ = {isa = PBXFileReference; lastKnownFileType = sourcecode.swift; path = DemoApp.swift; sourceTree = "<group>"; };
		9D857FBE2A9DD89F00A0C1DF /* Assets.xcassets */ = {isa = PBXFileReference; lastKnownFileType = folder.assetcatalog; path = Assets.xcassets; sourceTree = "<group>"; };
		9D857FC12A9DD89F00A0C1DF /* Preview Assets.xcassets */ = {isa = PBXFileReference; lastKnownFileType = folder.assetcatalog; path = "Preview Assets.xcassets"; sourceTree = "<group>"; };
		9DC0799D2A9F34EA007FA0D9 /* Launch Screen.storyboard */ = {isa = PBXFileReference; lastKnownFileType = file.storyboard; path = "Launch Screen.storyboard"; sourceTree = "<group>"; };
		9DEA22AE2AE94BDE002997DB /* Info.plist */ = {isa = PBXFileReference; lastKnownFileType = text.plist; path = Info.plist; sourceTree = "<group>"; };
		A03C076D2DCCEAD7007F3D0D /* NativeAdView.xib */ = {isa = PBXFileReference; lastKnownFileType = file.xib; path = NativeAdView.xib; sourceTree = "<group>"; };
		A03C07722DCD006D007F3D0D /* AdaptiveBannerContainerView.swift */ = {isa = PBXFileReference; lastKnownFileType = sourcecode.swift; path = AdaptiveBannerContainerView.swift; sourceTree = "<group>"; };
		A03C07762DCD014E007F3D0D /* MediumRectangleContainerView.swift */ = {isa = PBXFileReference; lastKnownFileType = sourcecode.swift; path = MediumRectangleContainerView.swift; sourceTree = "<group>"; };
		A03C07782DCD0172007F3D0D /* BannerAdView.swift */ = {isa = PBXFileReference; lastKnownFileType = sourcecode.swift; path = BannerAdView.swift; sourceTree = "<group>"; };
		A0AFCF682DACFB080043E6A4 /* HomeView.swift */ = {isa = PBXFileReference; lastKnownFileType = sourcecode.swift; path = HomeView.swift; sourceTree = "<group>"; };
		A0AFCF6D2DACFB2F0043E6A4 /* AdContainer.swift */ = {isa = PBXFileReference; lastKnownFileType = sourcecode.swift; path = AdContainer.swift; sourceTree = "<group>"; };
		A0AFCF6F2DACFD390043E6A4 /* BannerContainerView.swift */ = {isa = PBXFileReference; lastKnownFileType = sourcecode.swift; path = BannerContainerView.swift; sourceTree = "<group>"; };
		A0AFCF732DACFD5F0043E6A4 /* NativeAdContainerView.swift */ = {isa = PBXFileReference; lastKnownFileType = sourcecode.swift; path = NativeAdContainerView.swift; sourceTree = "<group>"; };
		A0AFCF772DACFD700043E6A4 /* AppOpenView.swift */ = {isa = PBXFileReference; lastKnownFileType = sourcecode.swift; path = AppOpenView.swift; sourceTree = "<group>"; };
		A0AFCF792DACFD780043E6A4 /* AppOpenAdModel.swift */ = {isa = PBXFileReference; lastKnownFileType = sourcecode.swift; path = AppOpenAdModel.swift; sourceTree = "<group>"; };
		A0AFCF7B2DACFD7F0043E6A4 /* RewardedView.swift */ = {isa = PBXFileReference; lastKnownFileType = sourcecode.swift; path = RewardedView.swift; sourceTree = "<group>"; };
		A0AFCF7D2DACFD850043E6A4 /* RewardedAdModel.swift */ = {isa = PBXFileReference; lastKnownFileType = sourcecode.swift; path = RewardedAdModel.swift; sourceTree = "<group>"; };
		A0AFCF7F2DACFD8D0043E6A4 /* InterstitialAdModel.swift */ = {isa = PBXFileReference; lastKnownFileType = sourcecode.swift; path = InterstitialAdModel.swift; sourceTree = "<group>"; };
		A0AFCF812DACFD940043E6A4 /* InterstitialView.swift */ = {isa = PBXFileReference; lastKnownFileType = sourcecode.swift; path = InterstitialView.swift; sourceTree = "<group>"; };
		A0B699DB2DBFBE85009DE7C0 /* NativeAdTemplateContainerView.swift */ = {isa = PBXFileReference; lastKnownFileType = sourcecode.swift; path = NativeAdTemplateContainerView.swift; sourceTree = "<group>"; };
		A0B699E52DBFC129009DE7C0 /* NativeAdTemplateView.swift */ = {isa = PBXFileReference; lastKnownFileType = sourcecode.swift; path = NativeAdTemplateView.swift; sourceTree = "<group>"; };
		A0B699E72DBFC976009DE7C0 /* NativeAdView.swift */ = {isa = PBXFileReference; lastKnownFileType = sourcecode.swift; path = NativeAdView.swift; sourceTree = "<group>"; };
		A0DB830C2DAFD90D00A7BEEE /* AdButton.swift */ = {isa = PBXFileReference; lastKnownFileType = sourcecode.swift; path = AdButton.swift; sourceTree = "<group>"; };
/* End PBXFileReference section */

/* Begin PBXFrameworksBuildPhase section */
		9D857FB42A9DD89E00A0C1DF /* Frameworks */ = {
			isa = PBXFrameworksBuildPhase;
			buildActionMask = 2147483647;
			files = (
				838E15ECA1B2036AB14F5321 /* libPods-CASSwiftUIDemoApp.a in Frameworks */,
			);
			runOnlyForDeploymentPostprocessing = 0;
		};
/* End PBXFrameworksBuildPhase section */

/* Begin PBXGroup section */
		3E71A6290C9314B4D08B8B4C /* Pods */ = {
			isa = PBXGroup;
			children = (
				50073DC2603EBCE91B1639F8 /* Pods-CASSwiftUIDemoApp.debug.xcconfig */,
				07EDBB7371814E5244B8B449 /* Pods-CASSwiftUIDemoApp.release.xcconfig */,
			);
			path = Pods;
			sourceTree = "<group>";
		};
		98BEE311E2738646E2B7F33B /* Frameworks */ = {
			isa = PBXGroup;
			children = (
				1030C678492C1A3EE3650C94 /* libPods-CASSwiftUIDemoApp.a */,
			);
			name = Frameworks;
			sourceTree = "<group>";
		};
		9D857FAE2A9DD89E00A0C1DF = {
			isa = PBXGroup;
			children = (
				9D857FB92A9DD89E00A0C1DF /* CASSwiftUIDemoApp */,
				9D857FB82A9DD89E00A0C1DF /* Products */,
				3E71A6290C9314B4D08B8B4C /* Pods */,
				98BEE311E2738646E2B7F33B /* Frameworks */,
			);
			sourceTree = "<group>";
		};
		9D857FB82A9DD89E00A0C1DF /* Products */ = {
			isa = PBXGroup;
			children = (
				9D857FB72A9DD89E00A0C1DF /* CASSwiftUIDemoApp.app */,
			);
			name = Products;
			sourceTree = "<group>";
		};
		9D857FB92A9DD89E00A0C1DF /* CASSwiftUIDemoApp */ = {
			isa = PBXGroup;
			children = (
				9DEA22AE2AE94BDE002997DB /* Info.plist */,
				9D857FBA2A9DD89E00A0C1DF /* DemoApp.swift */,
				A03C07712DCCFE77007F3D0D /* BannersAd */,
				A0AFCF662DACFAE10043E6A4 /* NativeAd */,
				A0AFCF672DACFAE90043E6A4 /* AppOpenAd */,
				A0AFCF652DACFADC0043E6A4 /* RewardedAd */,
				A0AFCF642DACFAD30043E6A4 /* InterstitialAd */,
				9D857FC82A9DE32500A0C1DF /* SupportFiles */,
			);
			path = CASSwiftUIDemoApp;
			sourceTree = "<group>";
		};
		9D857FC02A9DD89F00A0C1DF /* Preview Content */ = {
			isa = PBXGroup;
			children = (
				9D857FC12A9DD89F00A0C1DF /* Preview Assets.xcassets */,
			);
			path = "Preview Content";
			sourceTree = "<group>";
		};
		9D857FC82A9DE32500A0C1DF /* SupportFiles */ = {
			isa = PBXGroup;
			children = (
				A0B699DA2DBFB492009DE7C0 /* HomeView */,
				9D857FBE2A9DD89F00A0C1DF /* Assets.xcassets */,
				9D857FC02A9DD89F00A0C1DF /* Preview Content */,
				9DC0799D2A9F34EA007FA0D9 /* Launch Screen.storyboard */,
			);
			path = SupportFiles;
			sourceTree = "<group>";
		};
		A03C07712DCCFE77007F3D0D /* BannersAd */ = {
			isa = PBXGroup;
			children = (
				A03C07782DCD0172007F3D0D /* BannerAdView.swift */,
				A03C07722DCD006D007F3D0D /* AdaptiveBannerContainerView.swift */,
				A0AFCF6F2DACFD390043E6A4 /* BannerContainerView.swift */,
				A03C07762DCD014E007F3D0D /* MediumRectangleContainerView.swift */,
			);
			path = BannersAd;
			sourceTree = "<group>";
		};
		A0AFCF642DACFAD30043E6A4 /* InterstitialAd */ = {
			isa = PBXGroup;
			children = (
				A0AFCF812DACFD940043E6A4 /* InterstitialView.swift */,
				A0AFCF7F2DACFD8D0043E6A4 /* InterstitialAdModel.swift */,
			);
			path = InterstitialAd;
			sourceTree = "<group>";
		};
		A0AFCF652DACFADC0043E6A4 /* RewardedAd */ = {
			isa = PBXGroup;
			children = (
				A0AFCF7B2DACFD7F0043E6A4 /* RewardedView.swift */,
				A0AFCF7D2DACFD850043E6A4 /* RewardedAdModel.swift */,
			);
			path = RewardedAd;
			sourceTree = "<group>";
		};
		A0AFCF662DACFAE10043E6A4 /* NativeAd */ = {
			isa = PBXGroup;
			children = (
				A03C076D2DCCEAD7007F3D0D /* NativeAdView.xib */,
				A0B699E72DBFC976009DE7C0 /* NativeAdView.swift */,
				A0B699E52DBFC129009DE7C0 /* NativeAdTemplateView.swift */,
				A0AFCF732DACFD5F0043E6A4 /* NativeAdContainerView.swift */,
				A0B699DB2DBFBE85009DE7C0 /* NativeAdTemplateContainerView.swift */,
			);
			path = NativeAd;
			sourceTree = "<group>";
		};
		A0AFCF672DACFAE90043E6A4 /* AppOpenAd */ = {
			isa = PBXGroup;
			children = (
				A0AFCF772DACFD700043E6A4 /* AppOpenView.swift */,
				A0AFCF792DACFD780043E6A4 /* AppOpenAdModel.swift */,
			);
			path = AppOpenAd;
			sourceTree = "<group>";
		};
		A0B699DA2DBFB492009DE7C0 /* HomeView */ = {
			isa = PBXGroup;
			children = (
				A0DB830C2DAFD90D00A7BEEE /* AdButton.swift */,
				A0AFCF6D2DACFB2F0043E6A4 /* AdContainer.swift */,
				A0AFCF682DACFB080043E6A4 /* HomeView.swift */,
			);
			path = HomeView;
			sourceTree = "<group>";
		};
/* End PBXGroup section */

/* Begin PBXNativeTarget section */
		9D857FB62A9DD89E00A0C1DF /* CASSwiftUIDemoApp */ = {
			isa = PBXNativeTarget;
			buildConfigurationList = 9D857FC52A9DD89F00A0C1DF /* Build configuration list for PBXNativeTarget "CASSwiftUIDemoApp" */;
			buildPhases = (
				7235841F14D92D9BF0E9B044 /* [CP] Check Pods Manifest.lock */,
				9D857FB32A9DD89E00A0C1DF /* Sources */,
				9D857FB42A9DD89E00A0C1DF /* Frameworks */,
				9D857FB52A9DD89E00A0C1DF /* Resources */,
				796A3A545EEB4D3590309346 /* [CP] Copy Pods Resources */,
			);
			buildRules = (
			);
			dependencies = (
			);
			name = CASSwiftUIDemoApp;
			productName = CASSwiftUIDemoApp;
			productReference = 9D857FB72A9DD89E00A0C1DF /* CASSwiftUIDemoApp.app */;
			productType = "com.apple.product-type.application";
		};
/* End PBXNativeTarget section */

/* Begin PBXProject section */
		9D857FAF2A9DD89E00A0C1DF /* Project object */ = {
			isa = PBXProject;
			attributes = {
				BuildIndependentTargetsInParallel = 1;
				LastSwiftUpdateCheck = 1430;
				LastUpgradeCheck = 1430;
				ORGANIZATIONNAME = CAS.AI;
				TargetAttributes = {
					9D857FB62A9DD89E00A0C1DF = {
						CreatedOnToolsVersion = 14.3.1;
					};
				};
			};
			buildConfigurationList = 9D857FB22A9DD89E00A0C1DF /* Build configuration list for PBXProject "CASSwiftUIDemoApp" */;
			compatibilityVersion = "Xcode 14.0";
			developmentRegion = en;
			hasScannedForEncodings = 0;
			knownRegions = (
				en,
				Base,
			);
			mainGroup = 9D857FAE2A9DD89E00A0C1DF;
			productRefGroup = 9D857FB82A9DD89E00A0C1DF /* Products */;
			projectDirPath = "";
			projectRoot = "";
			targets = (
				9D857FB62A9DD89E00A0C1DF /* CASSwiftUIDemoApp */,
			);
		};
/* End PBXProject section */

/* Begin PBXResourcesBuildPhase section */
		9D857FB52A9DD89E00A0C1DF /* Resources */ = {
			isa = PBXResourcesBuildPhase;
			buildActionMask = 2147483647;
			files = (
				9DC0799E2A9F34EA007FA0D9 /* Launch Screen.storyboard in Resources */,
				9D857FC22A9DD89F00A0C1DF /* Preview Assets.xcassets in Resources */,
				A03C076E2DCCEAD7007F3D0D /* NativeAdView.xib in Resources */,
				9D857FBF2A9DD89F00A0C1DF /* Assets.xcassets in Resources */,
			);
			runOnlyForDeploymentPostprocessing = 0;
		};
/* End PBXResourcesBuildPhase section */

/* Begin PBXShellScriptBuildPhase section */
		7235841F14D92D9BF0E9B044 /* [CP] Check Pods Manifest.lock */ = {
			isa = PBXShellScriptBuildPhase;
			buildActionMask = 2147483647;
			files = (
			);
			inputFileListPaths = (
			);
			inputPaths = (
				"${PODS_PODFILE_DIR_PATH}/Podfile.lock",
				"${PODS_ROOT}/Manifest.lock",
			);
			name = "[CP] Check Pods Manifest.lock";
			outputFileListPaths = (
			);
			outputPaths = (
				"$(DERIVED_FILE_DIR)/Pods-CASSwiftUIDemoApp-checkManifestLockResult.txt",
			);
			runOnlyForDeploymentPostprocessing = 0;
			shellPath = /bin/sh;
			shellScript = "diff \"${PODS_PODFILE_DIR_PATH}/Podfile.lock\" \"${PODS_ROOT}/Manifest.lock\" > /dev/null\nif [ $? != 0 ] ; then\n    # print error to STDERR\n    echo \"error: The sandbox is not in sync with the Podfile.lock. Run 'pod install' or update your CocoaPods installation.\" >&2\n    exit 1\nfi\n# This output is used by Xcode 'outputs' to avoid re-running this script phase.\necho \"SUCCESS\" > \"${SCRIPT_OUTPUT_FILE_0}\"\n";
			showEnvVarsInLog = 0;
		};
		796A3A545EEB4D3590309346 /* [CP] Copy Pods Resources */ = {
			isa = PBXShellScriptBuildPhase;
			buildActionMask = 2147483647;
			files = (
			);
			inputFileListPaths = (
				"${PODS_ROOT}/Target Support Files/Pods-CASSwiftUIDemoApp/Pods-CASSwiftUIDemoApp-resources-${CONFIGURATION}-input-files.xcfilelist",
			);
			name = "[CP] Copy Pods Resources";
			outputFileListPaths = (
				"${PODS_ROOT}/Target Support Files/Pods-CASSwiftUIDemoApp/Pods-CASSwiftUIDemoApp-resources-${CONFIGURATION}-output-files.xcfilelist",
			);
			runOnlyForDeploymentPostprocessing = 0;
			shellPath = /bin/sh;
			shellScript = "\"${PODS_ROOT}/Target Support Files/Pods-CASSwiftUIDemoApp/Pods-CASSwiftUIDemoApp-resources.sh\"\n";
			showEnvVarsInLog = 0;
		};
/* End PBXShellScriptBuildPhase section */

/* Begin PBXSourcesBuildPhase section */
		9D857FB32A9DD89E00A0C1DF /* Sources */ = {
			isa = PBXSourcesBuildPhase;
			buildActionMask = 2147483647;
			files = (
				A0B699E82DBFC97C009DE7C0 /* NativeAdView.swift in Sources */,
				A0AFCF692DACFB0B0043E6A4 /* HomeView.swift in Sources */,
				A0AFCF7A2DACFD7C0043E6A4 /* AppOpenAdModel.swift in Sources */,
				A03C07772DCD0154007F3D0D /* MediumRectangleContainerView.swift in Sources */,
				A03C07792DCD0173007F3D0D /* BannerAdView.swift in Sources */,
				A0DB830D2DAFD91300A7BEEE /* AdButton.swift in Sources */,
				A0AFCF822DACFDA00043E6A4 /* InterstitialView.swift in Sources */,
				A0AFCF7E2DACFD890043E6A4 /* RewardedAdModel.swift in Sources */,
				A0AFCF6E2DACFB300043E6A4 /* AdContainer.swift in Sources */,
				A03C07732DCD0073007F3D0D /* AdaptiveBannerContainerView.swift in Sources */,
				A0B699DC2DBFBE8F009DE7C0 /* NativeAdTemplateContainerView.swift in Sources */,
				A0AFCF7C2DACFD820043E6A4 /* RewardedView.swift in Sources */,
				9D857FBB2A9DD89E00A0C1DF /* DemoApp.swift in Sources */,
				A0AFCF802DACFD910043E6A4 /* InterstitialAdModel.swift in Sources */,
				A0AFCF782DACFD750043E6A4 /* AppOpenView.swift in Sources */,
				A0AFCF702DACFD3A0043E6A4 /* BannerContainerView.swift in Sources */,
				A0B699E62DBFC12A009DE7C0 /* NativeAdTemplateView.swift in Sources */,
				A0AFCF742DACFD660043E6A4 /* NativeAdContainerView.swift in Sources */,
			);
			runOnlyForDeploymentPostprocessing = 0;
		};
/* End PBXSourcesBuildPhase section */

/* Begin XCBuildConfiguration section */
		9D857FC32A9DD89F00A0C1DF /* Debug */ = {
			isa = XCBuildConfiguration;
			buildSettings = {
				ALWAYS_SEARCH_USER_PATHS = NO;
				CLANG_ANALYZER_NONNULL = YES;
				CLANG_ANALYZER_NUMBER_OBJECT_CONVERSION = YES_AGGRESSIVE;
				CLANG_CXX_LANGUAGE_STANDARD = "gnu++20";
				CLANG_ENABLE_MODULES = YES;
				CLANG_ENABLE_OBJC_ARC = YES;
				CLANG_ENABLE_OBJC_WEAK = YES;
				CLANG_WARN_BLOCK_CAPTURE_AUTORELEASING = YES;
				CLANG_WARN_BOOL_CONVERSION = YES;
				CLANG_WARN_COMMA = YES;
				CLANG_WARN_CONSTANT_CONVERSION = YES;
				CLANG_WARN_DEPRECATED_OBJC_IMPLEMENTATIONS = YES;
				CLANG_WARN_DIRECT_OBJC_ISA_USAGE = YES_ERROR;
				CLANG_WARN_DOCUMENTATION_COMMENTS = YES;
				CLANG_WARN_EMPTY_BODY = YES;
				CLANG_WARN_ENUM_CONVERSION = YES;
				CLANG_WARN_INFINITE_RECURSION = YES;
				CLANG_WARN_INT_CONVERSION = YES;
				CLANG_WARN_NON_LITERAL_NULL_CONVERSION = YES;
				CLANG_WARN_OBJC_IMPLICIT_RETAIN_SELF = YES;
				CLANG_WARN_OBJC_LITERAL_CONVERSION = YES;
				CLANG_WARN_OBJC_ROOT_CLASS = YES_ERROR;
				CLANG_WARN_QUOTED_INCLUDE_IN_FRAMEWORK_HEADER = YES;
				CLANG_WARN_RANGE_LOOP_ANALYSIS = YES;
				CLANG_WARN_STRICT_PROTOTYPES = YES;
				CLANG_WARN_SUSPICIOUS_MOVE = YES;
				CLANG_WARN_UNGUARDED_AVAILABILITY = YES_AGGRESSIVE;
				CLANG_WARN_UNREACHABLE_CODE = YES;
				CLANG_WARN__DUPLICATE_METHOD_MATCH = YES;
				COPY_PHASE_STRIP = NO;
				DEBUG_INFORMATION_FORMAT = dwarf;
				ENABLE_STRICT_OBJC_MSGSEND = YES;
				ENABLE_TESTABILITY = YES;
				ENABLE_USER_SCRIPT_SANDBOXING = NO;
				GCC_C_LANGUAGE_STANDARD = gnu11;
				GCC_DYNAMIC_NO_PIC = NO;
				GCC_NO_COMMON_BLOCKS = YES;
				GCC_OPTIMIZATION_LEVEL = 0;
				GCC_PREPROCESSOR_DEFINITIONS = (
					"DEBUG=1",
					"$(inherited)",
				);
				GCC_WARN_64_TO_32_BIT_CONVERSION = YES;
				GCC_WARN_ABOUT_RETURN_TYPE = YES_ERROR;
				GCC_WARN_UNDECLARED_SELECTOR = YES;
				GCC_WARN_UNINITIALIZED_AUTOS = YES_AGGRESSIVE;
				GCC_WARN_UNUSED_FUNCTION = YES;
				GCC_WARN_UNUSED_VARIABLE = YES;
				IPHONEOS_DEPLOYMENT_TARGET = 16.4;
				MTL_ENABLE_DEBUG_INFO = INCLUDE_SOURCE;
				MTL_FAST_MATH = YES;
				ONLY_ACTIVE_ARCH = YES;
				SDKROOT = iphoneos;
				SWIFT_ACTIVE_COMPILATION_CONDITIONS = DEBUG;
				SWIFT_OPTIMIZATION_LEVEL = "-Onone";
			};
			name = Debug;
		};
		9D857FC42A9DD89F00A0C1DF /* Release */ = {
			isa = XCBuildConfiguration;
			buildSettings = {
				ALWAYS_SEARCH_USER_PATHS = NO;
				CLANG_ANALYZER_NONNULL = YES;
				CLANG_ANALYZER_NUMBER_OBJECT_CONVERSION = YES_AGGRESSIVE;
				CLANG_CXX_LANGUAGE_STANDARD = "gnu++20";
				CLANG_ENABLE_MODULES = YES;
				CLANG_ENABLE_OBJC_ARC = YES;
				CLANG_ENABLE_OBJC_WEAK = YES;
				CLANG_WARN_BLOCK_CAPTURE_AUTORELEASING = YES;
				CLANG_WARN_BOOL_CONVERSION = YES;
				CLANG_WARN_COMMA = YES;
				CLANG_WARN_CONSTANT_CONVERSION = YES;
				CLANG_WARN_DEPRECATED_OBJC_IMPLEMENTATIONS = YES;
				CLANG_WARN_DIRECT_OBJC_ISA_USAGE = YES_ERROR;
				CLANG_WARN_DOCUMENTATION_COMMENTS = YES;
				CLANG_WARN_EMPTY_BODY = YES;
				CLANG_WARN_ENUM_CONVERSION = YES;
				CLANG_WARN_INFINITE_RECURSION = YES;
				CLANG_WARN_INT_CONVERSION = YES;
				CLANG_WARN_NON_LITERAL_NULL_CONVERSION = YES;
				CLANG_WARN_OBJC_IMPLICIT_RETAIN_SELF = YES;
				CLANG_WARN_OBJC_LITERAL_CONVERSION = YES;
				CLANG_WARN_OBJC_ROOT_CLASS = YES_ERROR;
				CLANG_WARN_QUOTED_INCLUDE_IN_FRAMEWORK_HEADER = YES;
				CLANG_WARN_RANGE_LOOP_ANALYSIS = YES;
				CLANG_WARN_STRICT_PROTOTYPES = YES;
				CLANG_WARN_SUSPICIOUS_MOVE = YES;
				CLANG_WARN_UNGUARDED_AVAILABILITY = YES_AGGRESSIVE;
				CLANG_WARN_UNREACHABLE_CODE = YES;
				CLANG_WARN__DUPLICATE_METHOD_MATCH = YES;
				COPY_PHASE_STRIP = NO;
				DEBUG_INFORMATION_FORMAT = "dwarf-with-dsym";
				ENABLE_NS_ASSERTIONS = NO;
				ENABLE_STRICT_OBJC_MSGSEND = YES;
				ENABLE_USER_SCRIPT_SANDBOXING = NO;
				GCC_C_LANGUAGE_STANDARD = gnu11;
				GCC_NO_COMMON_BLOCKS = YES;
				GCC_WARN_64_TO_32_BIT_CONVERSION = YES;
				GCC_WARN_ABOUT_RETURN_TYPE = YES_ERROR;
				GCC_WARN_UNDECLARED_SELECTOR = YES;
				GCC_WARN_UNINITIALIZED_AUTOS = YES_AGGRESSIVE;
				GCC_WARN_UNUSED_FUNCTION = YES;
				GCC_WARN_UNUSED_VARIABLE = YES;
				IPHONEOS_DEPLOYMENT_TARGET = 16.4;
				MTL_ENABLE_DEBUG_INFO = NO;
				MTL_FAST_MATH = YES;
				SDKROOT = iphoneos;
				SWIFT_COMPILATION_MODE = wholemodule;
				SWIFT_OPTIMIZATION_LEVEL = "-O";
				VALIDATE_PRODUCT = YES;
			};
			name = Release;
		};
		9D857FC62A9DD89F00A0C1DF /* Debug */ = {
			isa = XCBuildConfiguration;
			baseConfigurationReference = 50073DC2603EBCE91B1639F8 /* Pods-CASSwiftUIDemoApp.debug.xcconfig */;
			buildSettings = {
				ASSETCATALOG_COMPILER_APPICON_NAME = AppIcon;
				ASSETCATALOG_COMPILER_GLOBAL_ACCENT_COLOR_NAME = AccentColor;
				CODE_SIGN_STYLE = Automatic;
				CURRENT_PROJECT_VERSION = 1;
				DEVELOPMENT_ASSET_PATHS = "\"CASSwiftUIDemoApp/SupportFiles/Preview Content\"";
				DEVELOPMENT_TEAM = CG78EM8VXT;
				ENABLE_PREVIEWS = YES;
				GENERATE_INFOPLIST_FILE = YES;
				INFOPLIST_FILE = CASSwiftUIDemoApp/Info.plist;
				INFOPLIST_KEY_UIApplicationSceneManifest_Generation = YES;
				INFOPLIST_KEY_UIApplicationSupportsIndirectInputEvents = YES;
				INFOPLIST_KEY_UILaunchScreen_Generation = YES;
				INFOPLIST_KEY_UILaunchStoryboardName = "Launch Screen.storyboard";
				INFOPLIST_KEY_UISupportedInterfaceOrientations_iPad = "UIInterfaceOrientationPortrait UIInterfaceOrientationPortraitUpsideDown UIInterfaceOrientationLandscapeLeft UIInterfaceOrientationLandscapeRight";
				INFOPLIST_KEY_UISupportedInterfaceOrientations_iPhone = "UIInterfaceOrientationPortrait UIInterfaceOrientationLandscapeLeft UIInterfaceOrientationLandscapeRight";
				IPHONEOS_DEPLOYMENT_TARGET = 14.0;
				LD_RUNPATH_SEARCH_PATHS = (
					"$(inherited)",
					"@executable_path/Frameworks",
				);
				MARKETING_VERSION = 1.0;
				PRODUCT_BUNDLE_IDENTIFIER = com.cleveradssolutions.app.demo.swiftui.CASSwiftUIDemoApp;
				PRODUCT_NAME = "$(TARGET_NAME)";
				SWIFT_EMIT_LOC_STRINGS = YES;
				SWIFT_VERSION = 5.0;
				TARGETED_DEVICE_FAMILY = "1,2";
			};
			name = Debug;
		};
		9D857FC72A9DD89F00A0C1DF /* Release */ = {
			isa = XCBuildConfiguration;
			baseConfigurationReference = 07EDBB7371814E5244B8B449 /* Pods-CASSwiftUIDemoApp.release.xcconfig */;
			buildSettings = {
				ASSETCATALOG_COMPILER_APPICON_NAME = AppIcon;
				ASSETCATALOG_COMPILER_GLOBAL_ACCENT_COLOR_NAME = AccentColor;
				CODE_SIGN_STYLE = Automatic;
				CURRENT_PROJECT_VERSION = 1;
				DEVELOPMENT_ASSET_PATHS = "\"CASSwiftUIDemoApp/SupportFiles/Preview Content\"";
				DEVELOPMENT_TEAM = CG78EM8VXT;
				ENABLE_PREVIEWS = YES;
				GENERATE_INFOPLIST_FILE = YES;
				INFOPLIST_FILE = CASSwiftUIDemoApp/Info.plist;
				INFOPLIST_KEY_UIApplicationSceneManifest_Generation = YES;
				INFOPLIST_KEY_UIApplicationSupportsIndirectInputEvents = YES;
				INFOPLIST_KEY_UILaunchScreen_Generation = YES;
				INFOPLIST_KEY_UILaunchStoryboardName = "Launch Screen.storyboard";
				INFOPLIST_KEY_UISupportedInterfaceOrientations_iPad = "UIInterfaceOrientationPortrait UIInterfaceOrientationPortraitUpsideDown UIInterfaceOrientationLandscapeLeft UIInterfaceOrientationLandscapeRight";
				INFOPLIST_KEY_UISupportedInterfaceOrientations_iPhone = "UIInterfaceOrientationPortrait UIInterfaceOrientationLandscapeLeft UIInterfaceOrientationLandscapeRight";
				IPHONEOS_DEPLOYMENT_TARGET = 14.0;
				LD_RUNPATH_SEARCH_PATHS = (
					"$(inherited)",
					"@executable_path/Frameworks",
				);
				MARKETING_VERSION = 1.0;
				PRODUCT_BUNDLE_IDENTIFIER = com.cleveradssolutions.app.demo.swiftui.CASSwiftUIDemoApp;
				PRODUCT_NAME = "$(TARGET_NAME)";
				SWIFT_EMIT_LOC_STRINGS = YES;
				SWIFT_VERSION = 5.0;
				TARGETED_DEVICE_FAMILY = "1,2";
			};
			name = Release;
		};
/* End XCBuildConfiguration section */

/* Begin XCConfigurationList section */
		9D857FB22A9DD89E00A0C1DF /* Build configuration list for PBXProject "CASSwiftUIDemoApp" */ = {
			isa = XCConfigurationList;
			buildConfigurations = (
				9D857FC32A9DD89F00A0C1DF /* Debug */,
				9D857FC42A9DD89F00A0C1DF /* Release */,
			);
			defaultConfigurationIsVisible = 0;
			defaultConfigurationName = Release;
		};
		9D857FC52A9DD89F00A0C1DF /* Build configuration list for PBXNativeTarget "CASSwiftUIDemoApp" */ = {
			isa = XCConfigurationList;
			buildConfigurations = (
				9D857FC62A9DD89F00A0C1DF /* Debug */,
				9D857FC72A9DD89F00A0C1DF /* Release */,
			);
			defaultConfigurationIsVisible = 0;
			defaultConfigurationName = Release;
		};
/* End XCConfigurationList section */
	};
	rootObject = 9D857FAF2A9DD89E00A0C1DF /* Project object */;
}
