// !$*UTF8*$!
{
	archiveVersion = 1;
	classes = {
	};
	objectVersion = 51;
	objects = {

/* Begin PBXBuildFile section */
		6272D5902678B37300B6AEA0 /* SceneDelegate.swift in Sources */ = {isa = PBXBuildFile; fileRef = 6272D58F2678B37300B6AEA0 /* SceneDelegate.swift */; };
		924551492508ED5F00620139 /* AppDelegate.swift in Sources */ = {isa = PBXBuildFile; fileRef = 924551482508ED5F00620139 /* AppDelegate.swift */; };
		9245514D2508ED5F00620139 /* ViewController.swift in Sources */ = {isa = PBXBuildFile; fileRef = 9245514C2508ED5F00620139 /* ViewController.swift */; };
		924551502508ED5F00620139 /* Main.storyboard in Resources */ = {isa = PBXBuildFile; fileRef = 9245514E2508ED5F00620139 /* Main.storyboard */; };
		924551522508ED6200620139 /* Assets.xcassets in Resources */ = {isa = PBXBuildFile; fileRef = 924551512508ED6200620139 /* Assets.xcassets */; };
		924551552508ED6200620139 /* LaunchScreen.storyboard in Resources */ = {isa = PBXBuildFile; fileRef = 924551532508ED6200620139 /* LaunchScreen.storyboard */; };
		9245515D250901A000620139 /* AdContentDelegate.swift in Sources */ = {isa = PBXBuildFile; fileRef = 9245515C250901A000620139 /* AdContentDelegate.swift */; };
		9D62EAB028607B3900414A56 /* BannerAdDelegate.swift in Sources */ = {isa = PBXBuildFile; fileRef = 9D62EAAF28607B3900414A56 /* BannerAdDelegate.swift */; };
		C815A3BC4AC61EF0FCAEA7B8 /* Pods_CASSample.framework in Frameworks */ = {isa = PBXBuildFile; fileRef = 788FEBA6B60BD4B85689E030 /* Pods_CASSample.framework */; };
/* End PBXBuildFile section */

/* Begin PBXFileReference section */
		6272D58F2678B37300B6AEA0 /* SceneDelegate.swift */ = {isa = PBXFileReference; fileEncoding = 4; lastKnownFileType = sourcecode.swift; path = SceneDelegate.swift; sourceTree = "<group>"; };
		788FEBA6B60BD4B85689E030 /* Pods_CASSample.framework */ = {isa = PBXFileReference; explicitFileType = wrapper.framework; includeInIndex = 0; path = Pods_CASSample.framework; sourceTree = BUILT_PRODUCTS_DIR; };
		924551452508ED5F00620139 /* CASSample.app */ = {isa = PBXFileReference; explicitFileType = wrapper.application; includeInIndex = 0; path = CASSample.app; sourceTree = BUILT_PRODUCTS_DIR; };
		924551482508ED5F00620139 /* AppDelegate.swift */ = {isa = PBXFileReference; lastKnownFileType = sourcecode.swift; path = AppDelegate.swift; sourceTree = "<group>"; };
		9245514C2508ED5F00620139 /* ViewController.swift */ = {isa = PBXFileReference; lastKnownFileType = sourcecode.swift; path = ViewController.swift; sourceTree = "<group>"; };
		9245514F2508ED5F00620139 /* Base */ = {isa = PBXFileReference; lastKnownFileType = file.storyboard; name = Base; path = Base.lproj/Main.storyboard; sourceTree = "<group>"; };
		924551512508ED6200620139 /* Assets.xcassets */ = {isa = PBXFileReference; lastKnownFileType = folder.assetcatalog; path = Assets.xcassets; sourceTree = "<group>"; };
		924551542508ED6200620139 /* Base */ = {isa = PBXFileReference; lastKnownFileType = file.storyboard; name = Base; path = Base.lproj/LaunchScreen.storyboard; sourceTree = "<group>"; };
		924551562508ED6200620139 /* Info.plist */ = {isa = PBXFileReference; lastKnownFileType = text.plist.xml; path = Info.plist; sourceTree = "<group>"; };
		9245515C250901A000620139 /* AdContentDelegate.swift */ = {isa = PBXFileReference; lastKnownFileType = sourcecode.swift; path = AdContentDelegate.swift; sourceTree = "<group>"; };
		9D62EAAF28607B3900414A56 /* BannerAdDelegate.swift */ = {isa = PBXFileReference; lastKnownFileType = sourcecode.swift; path = BannerAdDelegate.swift; sourceTree = "<group>"; };
		A1B43E5C67EACF2EADF32244 /* Pods-CASSample.release.xcconfig */ = {isa = PBXFileReference; includeInIndex = 1; lastKnownFileType = text.xcconfig; name = "Pods-CASSample.release.xcconfig"; path = "Target Support Files/Pods-CASSample/Pods-CASSample.release.xcconfig"; sourceTree = "<group>"; };
		DEA6962CDE4A9E18282BAD12 /* Pods-CASSample.debug.xcconfig */ = {isa = PBXFileReference; includeInIndex = 1; lastKnownFileType = text.xcconfig; name = "Pods-CASSample.debug.xcconfig"; path = "Target Support Files/Pods-CASSample/Pods-CASSample.debug.xcconfig"; sourceTree = "<group>"; };
/* End PBXFileReference section */

/* Begin PBXFrameworksBuildPhase section */
		924551422508ED5F00620139 /* Frameworks */ = {
			isa = PBXFrameworksBuildPhase;
			buildActionMask = 2147483647;
			files = (
				C815A3BC4AC61EF0FCAEA7B8 /* Pods_CASSample.framework in Frameworks */,
			);
			runOnlyForDeploymentPostprocessing = 0;
		};
/* End PBXFrameworksBuildPhase section */

/* Begin PBXGroup section */
		2566D4F5597CEF82EBB82D0B /* Pods */ = {
			isa = PBXGroup;
			children = (
				DEA6962CDE4A9E18282BAD12 /* Pods-CASSample.debug.xcconfig */,
				A1B43E5C67EACF2EADF32244 /* Pods-CASSample.release.xcconfig */,
			);
			path = Pods;
			sourceTree = "<group>";
		};
		9245513C2508ED5F00620139 = {
			isa = PBXGroup;
			children = (
				924551472508ED5F00620139 /* CASSample */,
				924551462508ED5F00620139 /* Products */,
				2566D4F5597CEF82EBB82D0B /* Pods */,
				BF35C8ED3DE7F016F1C01EE1 /* Frameworks */,
			);
			sourceTree = "<group>";
		};
		924551462508ED5F00620139 /* Products */ = {
			isa = PBXGroup;
			children = (
				924551452508ED5F00620139 /* CASSample.app */,
			);
			name = Products;
			sourceTree = "<group>";
		};
		924551472508ED5F00620139 /* CASSample */ = {
			isa = PBXGroup;
			children = (
				6272D58F2678B37300B6AEA0 /* SceneDelegate.swift */,
				924551482508ED5F00620139 /* AppDelegate.swift */,
				9245514C2508ED5F00620139 /* ViewController.swift */,
				9245515C250901A000620139 /* AdContentDelegate.swift */,
				9D62EAAF28607B3900414A56 /* BannerAdDelegate.swift */,
				9245514E2508ED5F00620139 /* Main.storyboard */,
				924551512508ED6200620139 /* Assets.xcassets */,
				924551532508ED6200620139 /* LaunchScreen.storyboard */,
				924551562508ED6200620139 /* Info.plist */,
			);
			path = CASSample;
			sourceTree = "<group>";
		};
		BF35C8ED3DE7F016F1C01EE1 /* Frameworks */ = {
			isa = PBXGroup;
			children = (
				788FEBA6B60BD4B85689E030 /* Pods_CASSample.framework */,
			);
			name = Frameworks;
			sourceTree = "<group>";
		};
/* End PBXGroup section */

/* Begin PBXNativeTarget section */
		924551442508ED5F00620139 /* CASSample */ = {
			isa = PBXNativeTarget;
			buildConfigurationList = 924551592508ED6200620139 /* Build configuration list for PBXNativeTarget "CASSample" */;
			buildPhases = (
				783AB2B1E6278FBDFAEA2836 /* [CP] Check Pods Manifest.lock */,
				924551412508ED5F00620139 /* Sources */,
				924551422508ED5F00620139 /* Frameworks */,
				924551432508ED5F00620139 /* Resources */,
				1FC4DE44A563D8219644A73D /* [CP] Copy Pods Resources */,
			);
			buildRules = (
			);
			dependencies = (
			);
			name = CASSample;
			productName = CASSample;
			productReference = 924551452508ED5F00620139 /* CASSample.app */;
			productType = "com.apple.product-type.application";
		};
/* End PBXNativeTarget section */

/* Begin PBXProject section */
		9245513D2508ED5F00620139 /* Project object */ = {
			isa = PBXProject;
			attributes = {
				LastSwiftUpdateCheck = 1140;
				LastUpgradeCheck = 1200;
				ORGANIZATIONNAME = "Clever Ads Solutions";
				TargetAttributes = {
					924551442508ED5F00620139 = {
						CreatedOnToolsVersion = 11.4.1;
					};
				};
			};
			buildConfigurationList = 924551402508ED5F00620139 /* Build configuration list for PBXProject "CASSample" */;
			compatibilityVersion = "Xcode 9.3";
			developmentRegion = en;
			hasScannedForEncodings = 0;
			knownRegions = (
				en,
				Base,
			);
			mainGroup = 9245513C2508ED5F00620139;
			productRefGroup = 924551462508ED5F00620139 /* Products */;
			projectDirPath = "";
			projectRoot = "";
			targets = (
				924551442508ED5F00620139 /* CASSample */,
			);
		};
/* End PBXProject section */

/* Begin PBXResourcesBuildPhase section */
		924551432508ED5F00620139 /* Resources */ = {
			isa = PBXResourcesBuildPhase;
			buildActionMask = 2147483647;
			files = (
				924551552508ED6200620139 /* LaunchScreen.storyboard in Resources */,
				924551522508ED6200620139 /* Assets.xcassets in Resources */,
				924551502508ED5F00620139 /* Main.storyboard in Resources */,
			);
			runOnlyForDeploymentPostprocessing = 0;
		};
/* End PBXResourcesBuildPhase section */

/* Begin PBXShellScriptBuildPhase section */
		1FC4DE44A563D8219644A73D /* [CP] Copy Pods Resources */ = {
			isa = PBXShellScriptBuildPhase;
			buildActionMask = 2147483647;
			files = (
			);
			inputFileListPaths = (
				"${PODS_ROOT}/Target Support Files/Pods-CASSample/Pods-CASSample-resources-${CONFIGURATION}-input-files.xcfilelist",
			);
			name = "[CP] Copy Pods Resources";
			outputFileListPaths = (
				"${PODS_ROOT}/Target Support Files/Pods-CASSample/Pods-CASSample-resources-${CONFIGURATION}-output-files.xcfilelist",
			);
			runOnlyForDeploymentPostprocessing = 0;
			shellPath = /bin/sh;
			shellScript = "\"${PODS_ROOT}/Target Support Files/Pods-CASSample/Pods-CASSample-resources.sh\"\n";
			showEnvVarsInLog = 0;
		};
		783AB2B1E6278FBDFAEA2836 /* [CP] Check Pods Manifest.lock */ = {
			isa = PBXShellScriptBuildPhase;
			buildActionMask = 2147483647;
			files = (
			);
			inputFileListPaths = (
			);
			inputPaths = (
				"${PODS_PODFILE_DIR_PATH}/Podfile.lock",
				"${PODS_ROOT}/Manifest.lock",
			);
			name = "[CP] Check Pods Manifest.lock";
			outputFileListPaths = (
			);
			outputPaths = (
				"$(DERIVED_FILE_DIR)/Pods-CASSample-checkManifestLockResult.txt",
			);
			runOnlyForDeploymentPostprocessing = 0;
			shellPath = /bin/sh;
			shellScript = "diff \"${PODS_PODFILE_DIR_PATH}/Podfile.lock\" \"${PODS_ROOT}/Manifest.lock\" > /dev/null\nif [ $? != 0 ] ; then\n    # print error to STDERR\n    echo \"error: The sandbox is not in sync with the Podfile.lock. Run 'pod install' or update your CocoaPods installation.\" >&2\n    exit 1\nfi\n# This output is used by Xcode 'outputs' to avoid re-running this script phase.\necho \"SUCCESS\" > \"${SCRIPT_OUTPUT_FILE_0}\"\n";
			showEnvVarsInLog = 0;
		};
/* End PBXShellScriptBuildPhase section */

/* Begin PBXSourcesBuildPhase section */
		924551412508ED5F00620139 /* Sources */ = {
			isa = PBXSourcesBuildPhase;
			buildActionMask = 2147483647;
			files = (
				9D62EAB028607B3900414A56 /* BannerAdDelegate.swift in Sources */,
				6272D5902678B37300B6AEA0 /* SceneDelegate.swift in Sources */,
				9245514D2508ED5F00620139 /* ViewController.swift in Sources */,
				924551492508ED5F00620139 /* AppDelegate.swift in Sources */,
				9245515D250901A000620139 /* AdContentDelegate.swift in Sources */,
			);
			runOnlyForDeploymentPostprocessing = 0;
		};
/* End PBXSourcesBuildPhase section */

/* Begin PBXVariantGroup section */
		9245514E2508ED5F00620139 /* Main.storyboard */ = {
			isa = PBXVariantGroup;
			children = (
				9245514F2508ED5F00620139 /* Base */,
			);
			name = Main.storyboard;
			sourceTree = "<group>";
		};
		924551532508ED6200620139 /* LaunchScreen.storyboard */ = {
			isa = PBXVariantGroup;
			children = (
				924551542508ED6200620139 /* Base */,
			);
			name = LaunchScreen.storyboard;
			sourceTree = "<group>";
		};
/* End PBXVariantGroup section */

/* Begin XCBuildConfiguration section */
		924551572508ED6200620139 /* Debug */ = {
			isa = XCBuildConfiguration;
			buildSettings = {
				ALWAYS_SEARCH_USER_PATHS = NO;
				CLANG_ANALYZER_NONNULL = YES;
				CLANG_ANALYZER_NUMBER_OBJECT_CONVERSION = YES_AGGRESSIVE;
				CLANG_CXX_LANGUAGE_STANDARD = "gnu++14";
				CLANG_CXX_LIBRARY = "libc++";
				CLANG_ENABLE_MODULES = YES;
				CLANG_ENABLE_OBJC_ARC = YES;
				CLANG_ENABLE_OBJC_WEAK = YES;
				CLANG_WARN_BLOCK_CAPTURE_AUTORELEASING = YES;
				CLANG_WARN_BOOL_CONVERSION = YES;
				CLANG_WARN_COMMA = YES;
				CLANG_WARN_CONSTANT_CONVERSION = YES;
				CLANG_WARN_DEPRECATED_OBJC_IMPLEMENTATIONS = YES;
				CLANG_WARN_DIRECT_OBJC_ISA_USAGE = YES_ERROR;
				CLANG_WARN_DOCUMENTATION_COMMENTS = YES;
				CLANG_WARN_EMPTY_BODY = YES;
				CLANG_WARN_ENUM_CONVERSION = YES;
				CLANG_WARN_INFINITE_RECURSION = YES;
				CLANG_WARN_INT_CONVERSION = YES;
				CLANG_WARN_NON_LITERAL_NULL_CONVERSION = YES;
				CLANG_WARN_OBJC_IMPLICIT_RETAIN_SELF = YES;
				CLANG_WARN_OBJC_LITERAL_CONVERSION = YES;
				CLANG_WARN_OBJC_ROOT_CLASS = YES_ERROR;
				CLANG_WARN_QUOTED_INCLUDE_IN_FRAMEWORK_HEADER = YES;
				CLANG_WARN_RANGE_LOOP_ANALYSIS = YES;
				CLANG_WARN_STRICT_PROTOTYPES = YES;
				CLANG_WARN_SUSPICIOUS_MOVE = YES;
				CLANG_WARN_UNGUARDED_AVAILABILITY = YES_AGGRESSIVE;
				CLANG_WARN_UNREACHABLE_CODE = YES;
				CLANG_WARN__DUPLICATE_METHOD_MATCH = YES;
				COPY_PHASE_STRIP = NO;
				DEBUG_INFORMATION_FORMAT = dwarf;
				ENABLE_STRICT_OBJC_MSGSEND = YES;
				ENABLE_TESTABILITY = YES;
				GCC_C_LANGUAGE_STANDARD = gnu11;
				GCC_DYNAMIC_NO_PIC = NO;
				GCC_NO_COMMON_BLOCKS = YES;
				GCC_OPTIMIZATION_LEVEL = 0;
				GCC_PREPROCESSOR_DEFINITIONS = (
					"DEBUG=1",
					"$(inherited)",
				);
				GCC_WARN_64_TO_32_BIT_CONVERSION = YES;
				GCC_WARN_ABOUT_RETURN_TYPE = YES_ERROR;
				GCC_WARN_UNDECLARED_SELECTOR = YES;
				GCC_WARN_UNINITIALIZED_AUTOS = YES_AGGRESSIVE;
				GCC_WARN_UNUSED_FUNCTION = YES;
				GCC_WARN_UNUSED_VARIABLE = YES;
				IPHONEOS_DEPLOYMENT_TARGET = 15.5;
				MTL_ENABLE_DEBUG_INFO = INCLUDE_SOURCE;
				MTL_FAST_MATH = YES;
				ONLY_ACTIVE_ARCH = YES;
				SDKROOT = iphoneos;
				SWIFT_ACTIVE_COMPILATION_CONDITIONS = DEBUG;
				SWIFT_OPTIMIZATION_LEVEL = "-Onone";
			};
			name = Debug;
		};
		924551582508ED6200620139 /* Release */ = {
			isa = XCBuildConfiguration;
			buildSettings = {
				ALWAYS_SEARCH_USER_PATHS = NO;
				CLANG_ANALYZER_NONNULL = YES;
				CLANG_ANALYZER_NUMBER_OBJECT_CONVERSION = YES_AGGRESSIVE;
				CLANG_CXX_LANGUAGE_STANDARD = "gnu++14";
				CLANG_CXX_LIBRARY = "libc++";
				CLANG_ENABLE_MODULES = YES;
				CLANG_ENABLE_OBJC_ARC = YES;
				CLANG_ENABLE_OBJC_WEAK = YES;
				CLANG_WARN_BLOCK_CAPTURE_AUTORELEASING = YES;
				CLANG_WARN_BOOL_CONVERSION = YES;
				CLANG_WARN_COMMA = YES;
				CLANG_WARN_CONSTANT_CONVERSION = YES;
				CLANG_WARN_DEPRECATED_OBJC_IMPLEMENTATIONS = YES;
				CLANG_WARN_DIRECT_OBJC_ISA_USAGE = YES_ERROR;
				CLANG_WARN_DOCUMENTATION_COMMENTS = YES;
				CLANG_WARN_EMPTY_BODY = YES;
				CLANG_WARN_ENUM_CONVERSION = YES;
				CLANG_WARN_INFINITE_RECURSION = YES;
				CLANG_WARN_INT_CONVERSION = YES;
				CLANG_WARN_NON_LITERAL_NULL_CONVERSION = YES;
				CLANG_WARN_OBJC_IMPLICIT_RETAIN_SELF = YES;
				CLANG_WARN_OBJC_LITERAL_CONVERSION = YES;
				CLANG_WARN_OBJC_ROOT_CLASS = YES_ERROR;
				CLANG_WARN_QUOTED_INCLUDE_IN_FRAMEWORK_HEADER = YES;
				CLANG_WARN_RANGE_LOOP_ANALYSIS = YES;
				CLANG_WARN_STRICT_PROTOTYPES = YES;
				CLANG_WARN_SUSPICIOUS_MOVE = YES;
				CLANG_WARN_UNGUARDED_AVAILABILITY = YES_AGGRESSIVE;
				CLANG_WARN_UNREACHABLE_CODE = YES;
				CLANG_WARN__DUPLICATE_METHOD_MATCH = YES;
				COPY_PHASE_STRIP = NO;
				DEBUG_INFORMATION_FORMAT = "dwarf-with-dsym";
				ENABLE_NS_ASSERTIONS = NO;
				ENABLE_STRICT_OBJC_MSGSEND = YES;
				GCC_C_LANGUAGE_STANDARD = gnu11;
				GCC_NO_COMMON_BLOCKS = YES;
				GCC_WARN_64_TO_32_BIT_CONVERSION = YES;
				GCC_WARN_ABOUT_RETURN_TYPE = YES_ERROR;
				GCC_WARN_UNDECLARED_SELECTOR = YES;
				GCC_WARN_UNINITIALIZED_AUTOS = YES_AGGRESSIVE;
				GCC_WARN_UNUSED_FUNCTION = YES;
				GCC_WARN_UNUSED_VARIABLE = YES;
				IPHONEOS_DEPLOYMENT_TARGET = 15.5;
				MTL_ENABLE_DEBUG_INFO = NO;
				MTL_FAST_MATH = YES;
				SDKROOT = iphoneos;
				SWIFT_COMPILATION_MODE = wholemodule;
				SWIFT_OPTIMIZATION_LEVEL = "-O";
				VALIDATE_PRODUCT = YES;
			};
			name = Release;
		};
		9245515A2508ED6200620139 /* Debug */ = {
			isa = XCBuildConfiguration;
			baseConfigurationReference = DEA6962CDE4A9E18282BAD12 /* Pods-CASSample.debug.xcconfig */;
			buildSettings = {
				ASSETCATALOG_COMPILER_APPICON_NAME = AppIcon;
				CODE_SIGN_STYLE = Automatic;
				DEVELOPMENT_TEAM = KJK32752G4;
				INFOPLIST_FILE = CASSample/Info.plist;
				IPHONEOS_DEPLOYMENT_TARGET = 11.1;
				LD_RUNPATH_SEARCH_PATHS = (
					"$(inherited)",
					"@executable_path/Frameworks",
				);
				PRODUCT_BUNDLE_IDENTIFIER = com.cleversolutions.ads.CASSample;
				PRODUCT_NAME = "$(TARGET_NAME)";
				SWIFT_VERSION = 5.0;
				TARGETED_DEVICE_FAMILY = "1,2";
			};
			name = Debug;
		};
		9245515B2508ED6200620139 /* Release */ = {
			isa = XCBuildConfiguration;
			baseConfigurationReference = A1B43E5C67EACF2EADF32244 /* Pods-CASSample.release.xcconfig */;
			buildSettings = {
				ASSETCATALOG_COMPILER_APPICON_NAME = AppIcon;
				CODE_SIGN_STYLE = Automatic;
				DEVELOPMENT_TEAM = KJK32752G4;
				INFOPLIST_FILE = CASSample/Info.plist;
				IPHONEOS_DEPLOYMENT_TARGET = 11.1;
				LD_RUNPATH_SEARCH_PATHS = (
					"$(inherited)",
					"@executable_path/Frameworks",
				);
				PRODUCT_BUNDLE_IDENTIFIER = com.cleversolutions.ads.CASSample;
				PRODUCT_NAME = "$(TARGET_NAME)";
				SWIFT_VERSION = 5.0;
				TARGETED_DEVICE_FAMILY = "1,2";
			};
			name = Release;
		};
/* End XCBuildConfiguration section */

/* Begin XCConfigurationList section */
		924551402508ED5F00620139 /* Build configuration list for PBXProject "CASSample" */ = {
			isa = XCConfigurationList;
			buildConfigurations = (
				924551572508ED6200620139 /* Debug */,
				924551582508ED6200620139 /* Release */,
			);
			defaultConfigurationIsVisible = 0;
			defaultConfigurationName = Release;
		};
		924551592508ED6200620139 /* Build configuration list for PBXNativeTarget "CASSample" */ = {
			isa = XCConfigurationList;
			buildConfigurations = (
				9245515A2508ED6200620139 /* Debug */,
				9245515B2508ED6200620139 /* Release */,
			);
			defaultConfigurationIsVisible = 0;
			defaultConfigurationName = Release;
		};
/* End XCConfigurationList section */
	};
	rootObject = 9245513D2508ED5F00620139 /* Project object */;
}
