// !$*UTF8*$!
{
	archiveVersion = 1;
	classes = {
	};
	objectVersion = 51;
	objects = {

/* Begin PBXBuildFile section */
		926846BA253DCD14008F3687 /* AdDelegate.m in Sources */ = {isa = PBXBuildFile; fileRef = 926846B9253DCD14008F3687 /* AdDelegate.m */; };
		926846BD253DDB7E008F3687 /* EnableSwift.swift in Sources */ = {isa = PBXBuildFile; fileRef = 926846BC253DDB7E008F3687 /* EnableSwift.swift */; };
		92E84F3E2539EBAA0067BD47 /* AppDelegate.m in Sources */ = {isa = PBXBuildFile; fileRef = 92E84F3D2539EBAA0067BD47 /* AppDelegate.m */; };
		92E84F442539EBAA0067BD47 /* ViewController.m in Sources */ = {isa = PBXBuildFile; fileRef = 92E84F432539EBAA0067BD47 /* ViewController.m */; };
		92E84F472539EBAA0067BD47 /* Main.storyboard in Resources */ = {isa = PBXBuildFile; fileRef = 92E84F452539EBAA0067BD47 /* Main.storyboard */; };
		92E84F492539EBAC0067BD47 /* Assets.xcassets in Resources */ = {isa = PBXBuildFile; fileRef = 92E84F482539EBAC0067BD47 /* Assets.xcassets */; };
		92E84F4C2539EBAC0067BD47 /* LaunchScreen.storyboard in Resources */ = {isa = PBXBuildFile; fileRef = 92E84F4A2539EBAC0067BD47 /* LaunchScreen.storyboard */; };
		92E84F4F2539EBAC0067BD47 /* main.m in Sources */ = {isa = PBXBuildFile; fileRef = 92E84F4E2539EBAC0067BD47 /* main.m */; };
		92ED65792578E7B10022566E /* SceneDelegate.m in Sources */ = {isa = PBXBuildFile; fileRef = 92ED65772578E7B10022566E /* SceneDelegate.m */; };
		9D62EABA286099C600414A56 /* BannerAdDelegate.m in Sources */ = {isa = PBXBuildFile; fileRef = 9D62EAB9286099C600414A56 /* BannerAdDelegate.m */; };
		DE8C635B6DF6508918D365F4 /* Pods_CASSample.framework in Frameworks */ = {isa = PBXBuildFile; fileRef = 721883DC09F10E593FC8CCE4 /* Pods_CASSample.framework */; };
/* End PBXBuildFile section */

/* Begin PBXFileReference section */
		06621C93295BE62D83E8503E /* Pods-CASSample.release.xcconfig */ = {isa = PBXFileReference; includeInIndex = 1; lastKnownFileType = text.xcconfig; name = "Pods-CASSample.release.xcconfig"; path = "Target Support Files/Pods-CASSample/Pods-CASSample.release.xcconfig"; sourceTree = "<group>"; };
		15FA3442C587C91228704608 /* Pods-CASSample.debug.xcconfig */ = {isa = PBXFileReference; includeInIndex = 1; lastKnownFileType = text.xcconfig; name = "Pods-CASSample.debug.xcconfig"; path = "Target Support Files/Pods-CASSample/Pods-CASSample.debug.xcconfig"; sourceTree = "<group>"; };
		721883DC09F10E593FC8CCE4 /* Pods_CASSample.framework */ = {isa = PBXFileReference; explicitFileType = wrapper.framework; includeInIndex = 0; path = Pods_CASSample.framework; sourceTree = BUILT_PRODUCTS_DIR; };
		926846B8253DCD14008F3687 /* AdDelegate.h */ = {isa = PBXFileReference; lastKnownFileType = sourcecode.c.h; path = AdDelegate.h; sourceTree = "<group>"; };
		926846B9253DCD14008F3687 /* AdDelegate.m */ = {isa = PBXFileReference; lastKnownFileType = sourcecode.c.objc; path = AdDelegate.m; sourceTree = "<group>"; };
		926846BC253DDB7E008F3687 /* EnableSwift.swift */ = {isa = PBXFileReference; lastKnownFileType = sourcecode.swift; path = EnableSwift.swift; sourceTree = "<group>"; };
		92E84F392539EBAA0067BD47 /* CASSample.app */ = {isa = PBXFileReference; explicitFileType = wrapper.application; includeInIndex = 0; path = CASSample.app; sourceTree = BUILT_PRODUCTS_DIR; };
		92E84F3C2539EBAA0067BD47 /* AppDelegate.h */ = {isa = PBXFileReference; lastKnownFileType = sourcecode.c.h; path = AppDelegate.h; sourceTree = "<group>"; };
		92E84F3D2539EBAA0067BD47 /* AppDelegate.m */ = {isa = PBXFileReference; lastKnownFileType = sourcecode.c.objc; path = AppDelegate.m; sourceTree = "<group>"; };
		92E84F422539EBAA0067BD47 /* ViewController.h */ = {isa = PBXFileReference; lastKnownFileType = sourcecode.c.h; path = ViewController.h; sourceTree = "<group>"; };
		92E84F432539EBAA0067BD47 /* ViewController.m */ = {isa = PBXFileReference; lastKnownFileType = sourcecode.c.objc; path = ViewController.m; sourceTree = "<group>"; };
		92E84F462539EBAA0067BD47 /* Base */ = {isa = PBXFileReference; lastKnownFileType = file.storyboard; name = Base; path = Base.lproj/Main.storyboard; sourceTree = "<group>"; };
		92E84F482539EBAC0067BD47 /* Assets.xcassets */ = {isa = PBXFileReference; lastKnownFileType = folder.assetcatalog; path = Assets.xcassets; sourceTree = "<group>"; };
		92E84F4B2539EBAC0067BD47 /* Base */ = {isa = PBXFileReference; lastKnownFileType = file.storyboard; name = Base; path = Base.lproj/LaunchScreen.storyboard; sourceTree = "<group>"; };
		92E84F4D2539EBAC0067BD47 /* Info.plist */ = {isa = PBXFileReference; lastKnownFileType = text.plist.xml; path = Info.plist; sourceTree = "<group>"; };
		92E84F4E2539EBAC0067BD47 /* main.m */ = {isa = PBXFileReference; lastKnownFileType = sourcecode.c.objc; path = main.m; sourceTree = "<group>"; };
		92ED65772578E7B10022566E /* SceneDelegate.m */ = {isa = PBXFileReference; fileEncoding = 4; lastKnownFileType = sourcecode.c.objc; path = SceneDelegate.m; sourceTree = "<group>"; };
		92ED65782578E7B10022566E /* SceneDelegate.h */ = {isa = PBXFileReference; fileEncoding = 4; lastKnownFileType = sourcecode.c.h; path = SceneDelegate.h; sourceTree = "<group>"; };
		9D62EAB8286099C600414A56 /* BannerAdDelegate.h */ = {isa = PBXFileReference; lastKnownFileType = sourcecode.c.h; path = BannerAdDelegate.h; sourceTree = "<group>"; };
		9D62EAB9286099C600414A56 /* BannerAdDelegate.m */ = {isa = PBXFileReference; lastKnownFileType = sourcecode.c.objc; path = BannerAdDelegate.m; sourceTree = "<group>"; };
/* End PBXFileReference section */

/* Begin PBXFrameworksBuildPhase section */
		92E84F362539EBAA0067BD47 /* Frameworks */ = {
			isa = PBXFrameworksBuildPhase;
			buildActionMask = 2147483647;
			files = (
				DE8C635B6DF6508918D365F4 /* Pods_CASSample.framework in Frameworks */,
			);
			runOnlyForDeploymentPostprocessing = 0;
		};
/* End PBXFrameworksBuildPhase section */

/* Begin PBXGroup section */
		92E84F302539EBAA0067BD47 = {
			isa = PBXGroup;
			children = (
				92E84F3B2539EBAA0067BD47 /* CASSample */,
				92E84F3A2539EBAA0067BD47 /* Products */,
				D6BC847351AD25E4345170B8 /* Pods */,
				F0672051713EBB82C1249A5A /* Frameworks */,
			);
			sourceTree = "<group>";
		};
		92E84F3A2539EBAA0067BD47 /* Products */ = {
			isa = PBXGroup;
			children = (
				92E84F392539EBAA0067BD47 /* CASSample.app */,
			);
			name = Products;
			sourceTree = "<group>";
		};
		92E84F3B2539EBAA0067BD47 /* CASSample */ = {
			isa = PBXGroup;
			children = (
				92E84F3C2539EBAA0067BD47 /* AppDelegate.h */,
				92E84F3D2539EBAA0067BD47 /* AppDelegate.m */,
				92ED65782578E7B10022566E /* SceneDelegate.h */,
				92ED65772578E7B10022566E /* SceneDelegate.m */,
				92E84F422539EBAA0067BD47 /* ViewController.h */,
				92E84F432539EBAA0067BD47 /* ViewController.m */,
				926846B8253DCD14008F3687 /* AdDelegate.h */,
				926846B9253DCD14008F3687 /* AdDelegate.m */,
				9D62EAB8286099C600414A56 /* BannerAdDelegate.h */,
				9D62EAB9286099C600414A56 /* BannerAdDelegate.m */,
				92E84F452539EBAA0067BD47 /* Main.storyboard */,
				92E84F482539EBAC0067BD47 /* Assets.xcassets */,
				92E84F4A2539EBAC0067BD47 /* LaunchScreen.storyboard */,
				92E84F4D2539EBAC0067BD47 /* Info.plist */,
				92E84F4E2539EBAC0067BD47 /* main.m */,
				926846BC253DDB7E008F3687 /* EnableSwift.swift */,
			);
			path = CASSample;
			sourceTree = "<group>";
		};
		D6BC847351AD25E4345170B8 /* Pods */ = {
			isa = PBXGroup;
			children = (
				15FA3442C587C91228704608 /* Pods-CASSample.debug.xcconfig */,
				06621C93295BE62D83E8503E /* Pods-CASSample.release.xcconfig */,
			);
			path = Pods;
			sourceTree = "<group>";
		};
		F0672051713EBB82C1249A5A /* Frameworks */ = {
			isa = PBXGroup;
			children = (
				721883DC09F10E593FC8CCE4 /* Pods_CASSample.framework */,
			);
			name = Frameworks;
			sourceTree = "<group>";
		};
/* End PBXGroup section */

/* Begin PBXNativeTarget section */
		92E84F382539EBAA0067BD47 /* CASSample */ = {
			isa = PBXNativeTarget;
			buildConfigurationList = 92E84F522539EBAC0067BD47 /* Build configuration list for PBXNativeTarget "CASSample" */;
			buildPhases = (
				C8BBE7B132194A0620F83A9D /* [CP] Check Pods Manifest.lock */,
				92E84F352539EBAA0067BD47 /* Sources */,
				92E84F362539EBAA0067BD47 /* Frameworks */,
				92E84F372539EBAA0067BD47 /* Resources */,
				0ED2437CD8DD1FDAA90259BB /* [CP] Copy Pods Resources */,
			);
			buildRules = (
			);
			dependencies = (
			);
			name = CASSample;
			productName = CASSample;
			productReference = 92E84F392539EBAA0067BD47 /* CASSample.app */;
			productType = "com.apple.product-type.application";
		};
/* End PBXNativeTarget section */

/* Begin PBXProject section */
		92E84F312539EBAA0067BD47 /* Project object */ = {
			isa = PBXProject;
			attributes = {
				LastUpgradeCheck = 1200;
				TargetAttributes = {
					92E84F382539EBAA0067BD47 = {
						CreatedOnToolsVersion = 12.0;
						LastSwiftMigration = 1200;
					};
				};
			};
			buildConfigurationList = 92E84F342539EBAA0067BD47 /* Build configuration list for PBXProject "CASSample" */;
			compatibilityVersion = "Xcode 9.3";
			developmentRegion = en;
			hasScannedForEncodings = 0;
			knownRegions = (
				en,
				Base,
			);
			mainGroup = 92E84F302539EBAA0067BD47;
			productRefGroup = 92E84F3A2539EBAA0067BD47 /* Products */;
			projectDirPath = "";
			projectRoot = "";
			targets = (
				92E84F382539EBAA0067BD47 /* CASSample */,
			);
		};
/* End PBXProject section */

/* Begin PBXResourcesBuildPhase section */
		92E84F372539EBAA0067BD47 /* Resources */ = {
			isa = PBXResourcesBuildPhase;
			buildActionMask = 2147483647;
			files = (
				92E84F4C2539EBAC0067BD47 /* LaunchScreen.storyboard in Resources */,
				92E84F492539EBAC0067BD47 /* Assets.xcassets in Resources */,
				92E84F472539EBAA0067BD47 /* Main.storyboard in Resources */,
			);
			runOnlyForDeploymentPostprocessing = 0;
		};
/* End PBXResourcesBuildPhase section */

/* Begin PBXShellScriptBuildPhase section */
		0ED2437CD8DD1FDAA90259BB /* [CP] Copy Pods Resources */ = {
			isa = PBXShellScriptBuildPhase;
			buildActionMask = 2147483647;
			files = (
			);
			inputFileListPaths = (
				"${PODS_ROOT}/Target Support Files/Pods-CASSample/Pods-CASSample-resources-${CONFIGURATION}-input-files.xcfilelist",
			);
			name = "[CP] Copy Pods Resources";
			outputFileListPaths = (
				"${PODS_ROOT}/Target Support Files/Pods-CASSample/Pods-CASSample-resources-${CONFIGURATION}-output-files.xcfilelist",
			);
			runOnlyForDeploymentPostprocessing = 0;
			shellPath = /bin/sh;
			shellScript = "\"${PODS_ROOT}/Target Support Files/Pods-CASSample/Pods-CASSample-resources.sh\"\n";
			showEnvVarsInLog = 0;
		};
		C8BBE7B132194A0620F83A9D /* [CP] Check Pods Manifest.lock */ = {
			isa = PBXShellScriptBuildPhase;
			buildActionMask = 2147483647;
			files = (
			);
			inputFileListPaths = (
			);
			inputPaths = (
				"${PODS_PODFILE_DIR_PATH}/Podfile.lock",
				"${PODS_ROOT}/Manifest.lock",
			);
			name = "[CP] Check Pods Manifest.lock";
			outputFileListPaths = (
			);
			outputPaths = (
				"$(DERIVED_FILE_DIR)/Pods-CASSample-checkManifestLockResult.txt",
			);
			runOnlyForDeploymentPostprocessing = 0;
			shellPath = /bin/sh;
			shellScript = "diff \"${PODS_PODFILE_DIR_PATH}/Podfile.lock\" \"${PODS_ROOT}/Manifest.lock\" > /dev/null\nif [ $? != 0 ] ; then\n    # print error to STDERR\n    echo \"error: The sandbox is not in sync with the Podfile.lock. Run 'pod install' or update your CocoaPods installation.\" >&2\n    exit 1\nfi\n# This output is used by Xcode 'outputs' to avoid re-running this script phase.\necho \"SUCCESS\" > \"${SCRIPT_OUTPUT_FILE_0}\"\n";
			showEnvVarsInLog = 0;
		};
/* End PBXShellScriptBuildPhase section */

/* Begin PBXSourcesBuildPhase section */
		92E84F352539EBAA0067BD47 /* Sources */ = {
			isa = PBXSourcesBuildPhase;
			buildActionMask = 2147483647;
			files = (
				92E84F442539EBAA0067BD47 /* ViewController.m in Sources */,
				92ED65792578E7B10022566E /* SceneDelegate.m in Sources */,
				9D62EABA286099C600414A56 /* BannerAdDelegate.m in Sources */,
				92E84F3E2539EBAA0067BD47 /* AppDelegate.m in Sources */,
				92E84F4F2539EBAC0067BD47 /* main.m in Sources */,
				926846BD253DDB7E008F3687 /* EnableSwift.swift in Sources */,
				926846BA253DCD14008F3687 /* AdDelegate.m in Sources */,
			);
			runOnlyForDeploymentPostprocessing = 0;
		};
/* End PBXSourcesBuildPhase section */

/* Begin PBXVariantGroup section */
		92E84F452539EBAA0067BD47 /* Main.storyboard */ = {
			isa = PBXVariantGroup;
			children = (
				92E84F462539EBAA0067BD47 /* Base */,
			);
			name = Main.storyboard;
			sourceTree = "<group>";
		};
		92E84F4A2539EBAC0067BD47 /* LaunchScreen.storyboard */ = {
			isa = PBXVariantGroup;
			children = (
				92E84F4B2539EBAC0067BD47 /* Base */,
			);
			name = LaunchScreen.storyboard;
			sourceTree = "<group>";
		};
/* End PBXVariantGroup section */

/* Begin XCBuildConfiguration section */
		92E84F502539EBAC0067BD47 /* Debug */ = {
			isa = XCBuildConfiguration;
			buildSettings = {
				ALWAYS_SEARCH_USER_PATHS = NO;
				CLANG_ANALYZER_NONNULL = YES;
				CLANG_ANALYZER_NUMBER_OBJECT_CONVERSION = YES_AGGRESSIVE;
				CLANG_CXX_LANGUAGE_STANDARD = "gnu++14";
				CLANG_CXX_LIBRARY = "libc++";
				CLANG_ENABLE_MODULES = YES;
				CLANG_ENABLE_OBJC_ARC = YES;
				CLANG_ENABLE_OBJC_WEAK = YES;
				CLANG_WARN_BLOCK_CAPTURE_AUTORELEASING = YES;
				CLANG_WARN_BOOL_CONVERSION = YES;
				CLANG_WARN_COMMA = YES;
				CLANG_WARN_CONSTANT_CONVERSION = YES;
				CLANG_WARN_DEPRECATED_OBJC_IMPLEMENTATIONS = YES;
				CLANG_WARN_DIRECT_OBJC_ISA_USAGE = YES_ERROR;
				CLANG_WARN_DOCUMENTATION_COMMENTS = YES;
				CLANG_WARN_EMPTY_BODY = YES;
				CLANG_WARN_ENUM_CONVERSION = YES;
				CLANG_WARN_INFINITE_RECURSION = YES;
				CLANG_WARN_INT_CONVERSION = YES;
				CLANG_WARN_NON_LITERAL_NULL_CONVERSION = YES;
				CLANG_WARN_OBJC_IMPLICIT_RETAIN_SELF = YES;
				CLANG_WARN_OBJC_LITERAL_CONVERSION = YES;
				CLANG_WARN_OBJC_ROOT_CLASS = YES_ERROR;
				CLANG_WARN_QUOTED_INCLUDE_IN_FRAMEWORK_HEADER = YES;
				CLANG_WARN_RANGE_LOOP_ANALYSIS = YES;
				CLANG_WARN_STRICT_PROTOTYPES = YES;
				CLANG_WARN_SUSPICIOUS_MOVE = YES;
				CLANG_WARN_UNGUARDED_AVAILABILITY = YES_AGGRESSIVE;
				CLANG_WARN_UNREACHABLE_CODE = YES;
				CLANG_WARN__DUPLICATE_METHOD_MATCH = YES;
				COPY_PHASE_STRIP = NO;
				DEBUG_INFORMATION_FORMAT = dwarf;
				ENABLE_STRICT_OBJC_MSGSEND = YES;
				ENABLE_TESTABILITY = YES;
				GCC_C_LANGUAGE_STANDARD = gnu11;
				GCC_DYNAMIC_NO_PIC = NO;
				GCC_NO_COMMON_BLOCKS = YES;
				GCC_OPTIMIZATION_LEVEL = 0;
				GCC_PREPROCESSOR_DEFINITIONS = (
					"DEBUG=1",
					"$(inherited)",
				);
				GCC_WARN_64_TO_32_BIT_CONVERSION = YES;
				GCC_WARN_ABOUT_RETURN_TYPE = YES_ERROR;
				GCC_WARN_UNDECLARED_SELECTOR = YES;
				GCC_WARN_UNINITIALIZED_AUTOS = YES_AGGRESSIVE;
				GCC_WARN_UNUSED_FUNCTION = YES;
				GCC_WARN_UNUSED_VARIABLE = YES;
				IPHONEOS_DEPLOYMENT_TARGET = 14.0;
				MTL_ENABLE_DEBUG_INFO = INCLUDE_SOURCE;
				MTL_FAST_MATH = YES;
				ONLY_ACTIVE_ARCH = YES;
				SDKROOT = iphoneos;
			};
			name = Debug;
		};
		92E84F512539EBAC0067BD47 /* Release */ = {
			isa = XCBuildConfiguration;
			buildSettings = {
				ALWAYS_SEARCH_USER_PATHS = NO;
				CLANG_ANALYZER_NONNULL = YES;
				CLANG_ANALYZER_NUMBER_OBJECT_CONVERSION = YES_AGGRESSIVE;
				CLANG_CXX_LANGUAGE_STANDARD = "gnu++14";
				CLANG_CXX_LIBRARY = "libc++";
				CLANG_ENABLE_MODULES = YES;
				CLANG_ENABLE_OBJC_ARC = YES;
				CLANG_ENABLE_OBJC_WEAK = YES;
				CLANG_WARN_BLOCK_CAPTURE_AUTORELEASING = YES;
				CLANG_WARN_BOOL_CONVERSION = YES;
				CLANG_WARN_COMMA = YES;
				CLANG_WARN_CONSTANT_CONVERSION = YES;
				CLANG_WARN_DEPRECATED_OBJC_IMPLEMENTATIONS = YES;
				CLANG_WARN_DIRECT_OBJC_ISA_USAGE = YES_ERROR;
				CLANG_WARN_DOCUMENTATION_COMMENTS = YES;
				CLANG_WARN_EMPTY_BODY = YES;
				CLANG_WARN_ENUM_CONVERSION = YES;
				CLANG_WARN_INFINITE_RECURSION = YES;
				CLANG_WARN_INT_CONVERSION = YES;
				CLANG_WARN_NON_LITERAL_NULL_CONVERSION = YES;
				CLANG_WARN_OBJC_IMPLICIT_RETAIN_SELF = YES;
				CLANG_WARN_OBJC_LITERAL_CONVERSION = YES;
				CLANG_WARN_OBJC_ROOT_CLASS = YES_ERROR;
				CLANG_WARN_QUOTED_INCLUDE_IN_FRAMEWORK_HEADER = YES;
				CLANG_WARN_RANGE_LOOP_ANALYSIS = YES;
				CLANG_WARN_STRICT_PROTOTYPES = YES;
				CLANG_WARN_SUSPICIOUS_MOVE = YES;
				CLANG_WARN_UNGUARDED_AVAILABILITY = YES_AGGRESSIVE;
				CLANG_WARN_UNREACHABLE_CODE = YES;
				CLANG_WARN__DUPLICATE_METHOD_MATCH = YES;
				COPY_PHASE_STRIP = NO;
				DEBUG_INFORMATION_FORMAT = "dwarf-with-dsym";
				ENABLE_NS_ASSERTIONS = NO;
				ENABLE_STRICT_OBJC_MSGSEND = YES;
				GCC_C_LANGUAGE_STANDARD = gnu11;
				GCC_NO_COMMON_BLOCKS = YES;
				GCC_WARN_64_TO_32_BIT_CONVERSION = YES;
				GCC_WARN_ABOUT_RETURN_TYPE = YES_ERROR;
				GCC_WARN_UNDECLARED_SELECTOR = YES;
				GCC_WARN_UNINITIALIZED_AUTOS = YES_AGGRESSIVE;
				GCC_WARN_UNUSED_FUNCTION = YES;
				GCC_WARN_UNUSED_VARIABLE = YES;
				IPHONEOS_DEPLOYMENT_TARGET = 14.0;
				MTL_ENABLE_DEBUG_INFO = NO;
				MTL_FAST_MATH = YES;
				SDKROOT = iphoneos;
				VALIDATE_PRODUCT = YES;
			};
			name = Release;
		};
		92E84F532539EBAC0067BD47 /* Debug */ = {
			isa = XCBuildConfiguration;
			baseConfigurationReference = 15FA3442C587C91228704608 /* Pods-CASSample.debug.xcconfig */;
			buildSettings = {
				ASSETCATALOG_COMPILER_APPICON_NAME = AppIcon;
				ASSETCATALOG_COMPILER_GLOBAL_ACCENT_COLOR_NAME = AccentColor;
				CLANG_ENABLE_MODULES = YES;
				CODE_SIGN_STYLE = Automatic;
				DEVELOPMENT_TEAM = KJK32752G4;
				INFOPLIST_FILE = CASSample/Info.plist;
				IPHONEOS_DEPLOYMENT_TARGET = 10.0;
				LD_RUNPATH_SEARCH_PATHS = (
					"$(inherited)",
					"@executable_path/Frameworks",
				);
				PRODUCT_BUNDLE_IDENTIFIER = com.cleversolutions.ads.CASSample;
				PRODUCT_NAME = "$(TARGET_NAME)";
				SWIFT_OPTIMIZATION_LEVEL = "-Onone";
				SWIFT_VERSION = 5.0;
				TARGETED_DEVICE_FAMILY = "1,2";
			};
			name = Debug;
		};
		92E84F542539EBAC0067BD47 /* Release */ = {
			isa = XCBuildConfiguration;
			baseConfigurationReference = 06621C93295BE62D83E8503E /* Pods-CASSample.release.xcconfig */;
			buildSettings = {
				ASSETCATALOG_COMPILER_APPICON_NAME = AppIcon;
				ASSETCATALOG_COMPILER_GLOBAL_ACCENT_COLOR_NAME = AccentColor;
				CLANG_ENABLE_MODULES = YES;
				CODE_SIGN_STYLE = Automatic;
				DEVELOPMENT_TEAM = KJK32752G4;
				INFOPLIST_FILE = CASSample/Info.plist;
				IPHONEOS_DEPLOYMENT_TARGET = 10.0;
				LD_RUNPATH_SEARCH_PATHS = (
					"$(inherited)",
					"@executable_path/Frameworks",
				);
				PRODUCT_BUNDLE_IDENTIFIER = com.cleversolutions.ads.CASSample;
				PRODUCT_NAME = "$(TARGET_NAME)";
				SWIFT_VERSION = 5.0;
				TARGETED_DEVICE_FAMILY = "1,2";
			};
			name = Release;
		};
/* End XCBuildConfiguration section */

/* Begin XCConfigurationList section */
		92E84F342539EBAA0067BD47 /* Build configuration list for PBXProject "CASSample" */ = {
			isa = XCConfigurationList;
			buildConfigurations = (
				92E84F502539EBAC0067BD47 /* Debug */,
				92E84F512539EBAC0067BD47 /* Release */,
			);
			defaultConfigurationIsVisible = 0;
			defaultConfigurationName = Release;
		};
		92E84F522539EBAC0067BD47 /* Build configuration list for PBXNativeTarget "CASSample" */ = {
			isa = XCConfigurationList;
			buildConfigurations = (
				92E84F532539EBAC0067BD47 /* Debug */,
				92E84F542539EBAC0067BD47 /* Release */,
			);
			defaultConfigurationIsVisible = 0;
			defaultConfigurationName = Release;
		};
/* End XCConfigurationList section */
	};
	rootObject = 92E84F312539EBAA0067BD47 /* Project object */;
}
